PODS:
  - Alamofire (3.1.2)
  - Kingfisher (1.8.1)
  - Realm (0.96.2):
    - Realm/Headers (= 0.96.2)
  - Realm/Headers (0.96.2)
  - RealmSwift (0.96.2):
    - Realm (= 0.96.2)
  - SnapKit (0.17.0)

DEPENDENCIES:
  - Alamofire
  - Kingfisher
  - RealmSwift
  - SnapKit

SPEC CHECKSUMS:
  Alamofire: 7c16ca65f3c7e681fd925fd7f2dec7747ff96855
  Kingfisher: a20680f220c52620284fae571805a179809985c2
  Realm: 3ce8448151c571e90b85002d984d7f93f54fc8a3
  RealmSwift: 485599fe54e35461c4a0daa7d01d8fbf11424873
  SnapKit: 49fd7b1b3ff58ab4064004036b8afcfddbd3a4bd

COCOAPODS: 0.39.0
