// !$*UTF8*$!
{
	archiveVersion = 1;
	classes = {
	};
	objectVersion = 46;
	objects = {

/* Begin PBXBuildFile section */
		86EA0D6DDE51F968E31AD00E /* Pods_ehreader.framework in Frameworks */ = {isa = PBXBuildFile; fileRef = 45B23450AFE3BAEB72051ACE /* Pods_ehreader.framework */; };
		E92C26CF1C4E0787009FB297 /* BppDownloadFile.swift in Sources */ = {isa = PBXBuildFile; fileRef = E92C26CE1C4E0787009FB297 /* BppDownloadFile.swift */; };
		E92C26D11C4E091D009FB297 /* CryptoSwift.framework in Frameworks */ = {isa = PBXBuildFile; fileRef = E92C26D01C4E091D009FB297 /* CryptoSwift.framework */; };
		E942D5331C4754F600E595CC /* GalleryTableViewController.swift in Sources */ = {isa = PBXBuildFile; fileRef = E942D5321C4754F600E595CC /* GalleryTableViewController.swift */; };
		E949A03A1C4899B600C6C674 /* GalleryTableViewCell.swift in Sources */ = {isa = PBXBuildFile; fileRef = E949A0391C4899B600C6C674 /* GalleryTableViewCell.swift */; };
		E95C063F1C48C2A70081C9C3 /* BackgroundView.swift in Sources */ = {isa = PBXBuildFile; fileRef = E95C063E1C48C2A70081C9C3 /* BackgroundView.swift */; };
		E95C06411C48C2F70081C9C3 /* Media.xcassets in Resources */ = {isa = PBXBuildFile; fileRef = E95C06401C48C2F70081C9C3 /* Media.xcassets */; };
		E97999971C4D1DFC00003AF6 /* PhotoServiceTests.swift in Sources */ = {isa = PBXBuildFile; fileRef = E97999961C4D1DFC00003AF6 /* PhotoServiceTests.swift */; };
		E9B216F41C4A77AF0099CF54 /* PhotoViewController.swift in Sources */ = {isa = PBXBuildFile; fileRef = E9B216F31C4A77AF0099CF54 /* PhotoViewController.swift */; };
		E9B216F61C4A84990099CF54 /* PhotoService.swift in Sources */ = {isa = PBXBuildFile; fileRef = E9B216F51C4A84990099CF54 /* PhotoService.swift */; };
		E9DC51EC1C4699740053D331 /* Constants.swift in Sources */ = {isa = PBXBuildFile; fileRef = E9DC51EB1C4699740053D331 /* Constants.swift */; };
		E9FDED9C1C49385E00557D0A /* RatingBar.swift in Sources */ = {isa = PBXBuildFile; fileRef = E9FDED9B1C49385E00557D0A /* RatingBar.swift */; };
		E9FDEDA11C49478F00557D0A /* GalleryDetailViewController.swift in Sources */ = {isa = PBXBuildFile; fileRef = E9FDEDA01C49478F00557D0A /* GalleryDetailViewController.swift */; };
		F72B31E81C4F7C89007C6B21 /* PixivProvider.swift in Sources */ = {isa = PBXBuildFile; fileRef = F72B31E71C4F7C88007C6B21 /* PixivProvider.swift */; };
		F730FDE61BFEF83500F44740 /* CollectionViewWaterfallLayout.swift in Sources */ = {isa = PBXBuildFile; fileRef = F730FDE51BFEF83500F44740 /* CollectionViewWaterfallLayout.swift */; };
		F730FDE81BFEFA6000F44740 /* GalleryService.swift in Sources */ = {isa = PBXBuildFile; fileRef = F730FDE71BFEFA6000F44740 /* GalleryService.swift */; };
		F78DD6DA1BF9DB7C003D3CB9 /* AppDelegate.swift in Sources */ = {isa = PBXBuildFile; fileRef = F78DD6D91BF9DB7C003D3CB9 /* AppDelegate.swift */; };
		F78DD6DC1BF9DB7C003D3CB9 /* ViewController.swift in Sources */ = {isa = PBXBuildFile; fileRef = F78DD6DB1BF9DB7C003D3CB9 /* ViewController.swift */; };
		F78DD6DF1BF9DB7C003D3CB9 /* Main.storyboard in Resources */ = {isa = PBXBuildFile; fileRef = F78DD6DD1BF9DB7C003D3CB9 /* Main.storyboard */; };
		F78DD6E11BF9DB7D003D3CB9 /* Assets.xcassets in Resources */ = {isa = PBXBuildFile; fileRef = F78DD6E01BF9DB7D003D3CB9 /* Assets.xcassets */; };
		F78DD6E41BF9DB7D003D3CB9 /* LaunchScreen.storyboard in Resources */ = {isa = PBXBuildFile; fileRef = F78DD6E21BF9DB7D003D3CB9 /* LaunchScreen.storyboard */; };
		F78DD6EF1BF9DB7D003D3CB9 /* ehreaderTests.swift in Sources */ = {isa = PBXBuildFile; fileRef = F78DD6EE1BF9DB7D003D3CB9 /* ehreaderTests.swift */; };
		F78DD6FF1BF9E56D003D3CB9 /* DataLoader.swift in Sources */ = {isa = PBXBuildFile; fileRef = F78DD6FE1BF9E56D003D3CB9 /* DataLoader.swift */; };
		F7A556D21BFB2A1F00E7CBEB /* ImageSearch.swift in Sources */ = {isa = PBXBuildFile; fileRef = F7A556D11BFB2A1F00E7CBEB /* ImageSearch.swift */; };
		F7A556D41BFB2DAB00E7CBEB /* Download.swift in Sources */ = {isa = PBXBuildFile; fileRef = F7A556D31BFB2DAB00E7CBEB /* Download.swift */; };
		F7A556D61BFB485000E7CBEB /* LoginHelper.swift in Sources */ = {isa = PBXBuildFile; fileRef = F7A556D51BFB485000E7CBEB /* LoginHelper.swift */; };
		F7EB132C1BFD5F0E00538CC5 /* RegexHelper.swift in Sources */ = {isa = PBXBuildFile; fileRef = F7EB132B1BFD5F0E00538CC5 /* RegexHelper.swift */; };
		F7EB13341BFDB1A100538CC5 /* Alamofire.framework in Frameworks */ = {isa = PBXBuildFile; fileRef = F7EB13331BFDB1A100538CC5 /* Alamofire.framework */; };
		F7EB13361BFDCF2C00538CC5 /* GalleryWaterFlowViewController.swift in Sources */ = {isa = PBXBuildFile; fileRef = F7EB13351BFDCF2C00538CC5 /* GalleryWaterFlowViewController.swift */; };
		F7EB13391BFDD01300538CC5 /* GalleryCell.swift in Sources */ = {isa = PBXBuildFile; fileRef = F7EB13381BFDD01300538CC5 /* GalleryCell.swift */; };
		F7EB133B1BFDDC4300538CC5 /* Kingfisher.framework in Frameworks */ = {isa = PBXBuildFile; fileRef = F7EB133A1BFDDC4300538CC5 /* Kingfisher.framework */; };
		F7EE39E51BFC0E9E00531983 /* Extensions.swift in Sources */ = {isa = PBXBuildFile; fileRef = F7EE39E41BFC0E9E00531983 /* Extensions.swift */; };
		F7EE39E71BFC173300531983 /* LoginHelperTests.swift in Sources */ = {isa = PBXBuildFile; fileRef = F7EE39E61BFC173300531983 /* LoginHelperTests.swift */; };
		F7EE3AAC1BFC9E6900531983 /* DataLoaderTests.swift in Sources */ = {isa = PBXBuildFile; fileRef = F7EE3AAB1BFC9E6900531983 /* DataLoaderTests.swift */; };
		F7FAA4E51BFABCC400E27E4A /* Alamofire.framework in Frameworks */ = {isa = PBXBuildFile; fileRef = F7FAA4E41BFABCC400E27E4A /* Alamofire.framework */; };
		F7FAA4E71BFABCC900E27E4A /* RealmSwift.framework in Frameworks */ = {isa = PBXBuildFile; fileRef = F7FAA4E61BFABCC900E27E4A /* RealmSwift.framework */; };
		F7FAA4E91BFABCCD00E27E4A /* SnapKit.framework in Frameworks */ = {isa = PBXBuildFile; fileRef = F7FAA4E81BFABCCD00E27E4A /* SnapKit.framework */; };
		F7FAA4EB1BFAC43100E27E4A /* Gallery.swift in Sources */ = {isa = PBXBuildFile; fileRef = F7FAA4EA1BFAC43100E27E4A /* Gallery.swift */; };
		F7FAA4ED1BFACA6200E27E4A /* Photo.swift in Sources */ = {isa = PBXBuildFile; fileRef = F7FAA4EC1BFACA6200E27E4A /* Photo.swift */; };
/* End PBXBuildFile section */

/* Begin PBXContainerItemProxy section */
		F78DD6EB1BF9DB7D003D3CB9 /* PBXContainerItemProxy */ = {
			isa = PBXContainerItemProxy;
			containerPortal = F78DD6CE1BF9DB7B003D3CB9 /* Project object */;
			proxyType = 1;
			remoteGlobalIDString = F78DD6D51BF9DB7C003D3CB9;
			remoteInfo = ehreader;
		};
/* End PBXContainerItemProxy section */

/* Begin PBXFileReference section */
		45B23450AFE3BAEB72051ACE /* Pods_ehreader.framework */ = {isa = PBXFileReference; explicitFileType = wrapper.framework; includeInIndex = 0; path = Pods_ehreader.framework; sourceTree = BUILT_PRODUCTS_DIR; };
		A18FFB26088383633394625A /* Pods-ehreader.debug.xcconfig */ = {isa = PBXFileReference; includeInIndex = 1; lastKnownFileType = text.xcconfig; name = "Pods-ehreader.debug.xcconfig"; path = "Pods/Target Support Files/Pods-ehreader/Pods-ehreader.debug.xcconfig"; sourceTree = "<group>"; };
		C546FD883CD238072C87AC87 /* Pods-ehreader.release.xcconfig */ = {isa = PBXFileReference; includeInIndex = 1; lastKnownFileType = text.xcconfig; name = "Pods-ehreader.release.xcconfig"; path = "Pods/Target Support Files/Pods-ehreader/Pods-ehreader.release.xcconfig"; sourceTree = "<group>"; };
		E92C26CE1C4E0787009FB297 /* BppDownloadFile.swift */ = {isa = PBXFileReference; fileEncoding = 4; lastKnownFileType = sourcecode.swift; path = BppDownloadFile.swift; sourceTree = "<group>"; };
		E92C26D01C4E091D009FB297 /* CryptoSwift.framework */ = {isa = PBXFileReference; lastKnownFileType = wrapper.framework; name = CryptoSwift.framework; path = "Pods/../build/Debug-iphoneos/CryptoSwift.framework"; sourceTree = "<group>"; };
		E942D5321C4754F600E595CC /* GalleryTableViewController.swift */ = {isa = PBXFileReference; fileEncoding = 4; lastKnownFileType = sourcecode.swift; path = GalleryTableViewController.swift; sourceTree = "<group>"; };
		E949A0391C4899B600C6C674 /* GalleryTableViewCell.swift */ = {isa = PBXFileReference; fileEncoding = 4; lastKnownFileType = sourcecode.swift; path = GalleryTableViewCell.swift; sourceTree = "<group>"; };
		E95C063E1C48C2A70081C9C3 /* BackgroundView.swift */ = {isa = PBXFileReference; fileEncoding = 4; lastKnownFileType = sourcecode.swift; path = BackgroundView.swift; sourceTree = "<group>"; };
		E95C06401C48C2F70081C9C3 /* Media.xcassets */ = {isa = PBXFileReference; lastKnownFileType = folder.assetcatalog; path = Media.xcassets; sourceTree = "<group>"; };
		E97999961C4D1DFC00003AF6 /* PhotoServiceTests.swift */ = {isa = PBXFileReference; fileEncoding = 4; lastKnownFileType = sourcecode.swift; path = PhotoServiceTests.swift; sourceTree = "<group>"; };
		E9B216F31C4A77AF0099CF54 /* PhotoViewController.swift */ = {isa = PBXFileReference; fileEncoding = 4; lastKnownFileType = sourcecode.swift; path = PhotoViewController.swift; sourceTree = "<group>"; };
		E9B216F51C4A84990099CF54 /* PhotoService.swift */ = {isa = PBXFileReference; fileEncoding = 4; lastKnownFileType = sourcecode.swift; path = PhotoService.swift; sourceTree = "<group>"; };
		E9DC51EB1C4699740053D331 /* Constants.swift */ = {isa = PBXFileReference; fileEncoding = 4; lastKnownFileType = sourcecode.swift; path = Constants.swift; sourceTree = "<group>"; };
		E9FDED9B1C49385E00557D0A /* RatingBar.swift */ = {isa = PBXFileReference; fileEncoding = 4; lastKnownFileType = sourcecode.swift; path = RatingBar.swift; sourceTree = "<group>"; };
		E9FDEDA01C49478F00557D0A /* GalleryDetailViewController.swift */ = {isa = PBXFileReference; fileEncoding = 4; lastKnownFileType = sourcecode.swift; path = GalleryDetailViewController.swift; sourceTree = "<group>"; };
		F72B31E71C4F7C88007C6B21 /* PixivProvider.swift */ = {isa = PBXFileReference; fileEncoding = 4; lastKnownFileType = sourcecode.swift; path = PixivProvider.swift; sourceTree = "<group>"; };
		F730FDE51BFEF83500F44740 /* CollectionViewWaterfallLayout.swift */ = {isa = PBXFileReference; fileEncoding = 4; lastKnownFileType = sourcecode.swift; path = CollectionViewWaterfallLayout.swift; sourceTree = "<group>"; };
		F730FDE71BFEFA6000F44740 /* GalleryService.swift */ = {isa = PBXFileReference; fileEncoding = 4; lastKnownFileType = sourcecode.swift; path = GalleryService.swift; sourceTree = "<group>"; };
		F78DD6D61BF9DB7C003D3CB9 /* ehreader.app */ = {isa = PBXFileReference; explicitFileType = wrapper.application; includeInIndex = 0; path = ehreader.app; sourceTree = BUILT_PRODUCTS_DIR; };
		F78DD6D91BF9DB7C003D3CB9 /* AppDelegate.swift */ = {isa = PBXFileReference; lastKnownFileType = sourcecode.swift; path = AppDelegate.swift; sourceTree = "<group>"; };
		F78DD6DB1BF9DB7C003D3CB9 /* ViewController.swift */ = {isa = PBXFileReference; lastKnownFileType = sourcecode.swift; path = ViewController.swift; sourceTree = "<group>"; };
		F78DD6DE1BF9DB7C003D3CB9 /* Base */ = {isa = PBXFileReference; lastKnownFileType = file.storyboard; name = Base; path = Base.lproj/Main.storyboard; sourceTree = "<group>"; };
		F78DD6E01BF9DB7D003D3CB9 /* Assets.xcassets */ = {isa = PBXFileReference; lastKnownFileType = folder.assetcatalog; path = Assets.xcassets; sourceTree = "<group>"; };
		F78DD6E31BF9DB7D003D3CB9 /* Base */ = {isa = PBXFileReference; lastKnownFileType = file.storyboard; name = Base; path = Base.lproj/LaunchScreen.storyboard; sourceTree = "<group>"; };
		F78DD6E51BF9DB7D003D3CB9 /* Info.plist */ = {isa = PBXFileReference; lastKnownFileType = text.plist.xml; path = Info.plist; sourceTree = "<group>"; };
		F78DD6EA1BF9DB7D003D3CB9 /* ehreaderTests.xctest */ = {isa = PBXFileReference; explicitFileType = wrapper.cfbundle; includeInIndex = 0; path = ehreaderTests.xctest; sourceTree = BUILT_PRODUCTS_DIR; };
		F78DD6EE1BF9DB7D003D3CB9 /* ehreaderTests.swift */ = {isa = PBXFileReference; lastKnownFileType = sourcecode.swift; path = ehreaderTests.swift; sourceTree = "<group>"; };
		F78DD6F01BF9DB7D003D3CB9 /* Info.plist */ = {isa = PBXFileReference; lastKnownFileType = text.plist.xml; path = Info.plist; sourceTree = "<group>"; };
		F78DD6FE1BF9E56D003D3CB9 /* DataLoader.swift */ = {isa = PBXFileReference; fileEncoding = 4; lastKnownFileType = sourcecode.swift; path = DataLoader.swift; sourceTree = "<group>"; };
		F7A556D11BFB2A1F00E7CBEB /* ImageSearch.swift */ = {isa = PBXFileReference; fileEncoding = 4; lastKnownFileType = sourcecode.swift; path = ImageSearch.swift; sourceTree = "<group>"; };
		F7A556D31BFB2DAB00E7CBEB /* Download.swift */ = {isa = PBXFileReference; fileEncoding = 4; lastKnownFileType = sourcecode.swift; path = Download.swift; sourceTree = "<group>"; };
		F7A556D51BFB485000E7CBEB /* LoginHelper.swift */ = {isa = PBXFileReference; fileEncoding = 4; lastKnownFileType = sourcecode.swift; path = LoginHelper.swift; sourceTree = "<group>"; };
		F7EB132B1BFD5F0E00538CC5 /* RegexHelper.swift */ = {isa = PBXFileReference; fileEncoding = 4; lastKnownFileType = sourcecode.swift; path = RegexHelper.swift; sourceTree = "<group>"; };
		F7EB13331BFDB1A100538CC5 /* Alamofire.framework */ = {isa = PBXFileReference; lastKnownFileType = wrapper.framework; name = Alamofire.framework; path = "Pods/../build/Debug-iphoneos/Alamofire.framework"; sourceTree = "<group>"; };
		F7EB13351BFDCF2C00538CC5 /* GalleryWaterFlowViewController.swift */ = {isa = PBXFileReference; fileEncoding = 4; lastKnownFileType = sourcecode.swift; path = GalleryWaterFlowViewController.swift; sourceTree = "<group>"; };
		F7EB13381BFDD01300538CC5 /* GalleryCell.swift */ = {isa = PBXFileReference; fileEncoding = 4; lastKnownFileType = sourcecode.swift; path = GalleryCell.swift; sourceTree = "<group>"; };
		F7EB133A1BFDDC4300538CC5 /* Kingfisher.framework */ = {isa = PBXFileReference; lastKnownFileType = wrapper.framework; name = Kingfisher.framework; path = "Pods/../build/Debug-iphoneos/Kingfisher.framework"; sourceTree = "<group>"; };
		F7EE39E41BFC0E9E00531983 /* Extensions.swift */ = {isa = PBXFileReference; fileEncoding = 4; lastKnownFileType = sourcecode.swift; path = Extensions.swift; sourceTree = "<group>"; };
		F7EE39E61BFC173300531983 /* LoginHelperTests.swift */ = {isa = PBXFileReference; fileEncoding = 4; lastKnownFileType = sourcecode.swift; path = LoginHelperTests.swift; sourceTree = "<group>"; };
		F7EE3AAB1BFC9E6900531983 /* DataLoaderTests.swift */ = {isa = PBXFileReference; fileEncoding = 4; lastKnownFileType = sourcecode.swift; path = DataLoaderTests.swift; sourceTree = "<group>"; };
		F7FAA4E41BFABCC400E27E4A /* Alamofire.framework */ = {isa = PBXFileReference; lastKnownFileType = wrapper.framework; name = Alamofire.framework; path = "Pods/../build/Debug-iphoneos/Alamofire.framework"; sourceTree = "<group>"; };
		F7FAA4E61BFABCC900E27E4A /* RealmSwift.framework */ = {isa = PBXFileReference; lastKnownFileType = wrapper.framework; name = RealmSwift.framework; path = "Pods/../build/Debug-iphoneos/RealmSwift.framework"; sourceTree = "<group>"; };
		F7FAA4E81BFABCCD00E27E4A /* SnapKit.framework */ = {isa = PBXFileReference; lastKnownFileType = wrapper.framework; name = SnapKit.framework; path = "Pods/../build/Debug-iphoneos/SnapKit.framework"; sourceTree = "<group>"; };
		F7FAA4EA1BFAC43100E27E4A /* Gallery.swift */ = {isa = PBXFileReference; fileEncoding = 4; lastKnownFileType = sourcecode.swift; path = Gallery.swift; sourceTree = "<group>"; };
		F7FAA4EC1BFACA6200E27E4A /* Photo.swift */ = {isa = PBXFileReference; fileEncoding = 4; lastKnownFileType = sourcecode.swift; path = Photo.swift; sourceTree = "<group>"; };
/* End PBXFileReference section */

/* Begin PBXFrameworksBuildPhase section */
		F78DD6D31BF9DB7C003D3CB9 /* Frameworks */ = {
			isa = PBXFrameworksBuildPhase;
			buildActionMask = 2147483647;
			files = (
				E92C26D11C4E091D009FB297 /* CryptoSwift.framework in Frameworks */,
				F7EB133B1BFDDC4300538CC5 /* Kingfisher.framework in Frameworks */,
				F7FAA4E91BFABCCD00E27E4A /* SnapKit.framework in Frameworks */,
				F7FAA4E71BFABCC900E27E4A /* RealmSwift.framework in Frameworks */,
				F7FAA4E51BFABCC400E27E4A /* Alamofire.framework in Frameworks */,
				86EA0D6DDE51F968E31AD00E /* Pods_ehreader.framework in Frameworks */,
			);
			runOnlyForDeploymentPostprocessing = 0;
		};
		F78DD6E71BF9DB7D003D3CB9 /* Frameworks */ = {
			isa = PBXFrameworksBuildPhase;
			buildActionMask = 2147483647;
			files = (
				F7EB13341BFDB1A100538CC5 /* Alamofire.framework in Frameworks */,
			);
			runOnlyForDeploymentPostprocessing = 0;
		};
/* End PBXFrameworksBuildPhase section */

/* Begin PBXGroup section */
		21DD57ACF2F65B9C647D2B90 /* Frameworks */ = {
			isa = PBXGroup;
			children = (
				E92C26D01C4E091D009FB297 /* CryptoSwift.framework */,
				F7EB133A1BFDDC4300538CC5 /* Kingfisher.framework */,
				F7EB13331BFDB1A100538CC5 /* Alamofire.framework */,
				F7FAA4E81BFABCCD00E27E4A /* SnapKit.framework */,
				F7FAA4E61BFABCC900E27E4A /* RealmSwift.framework */,
				F7FAA4E41BFABCC400E27E4A /* Alamofire.framework */,
				45B23450AFE3BAEB72051ACE /* Pods_ehreader.framework */,
			);
			name = Frameworks;
			sourceTree = "<group>";
		};
		E9B216F21C4A6FD50099CF54 /* Photo */ = {
			isa = PBXGroup;
			children = (
				E9B216F31C4A77AF0099CF54 /* PhotoViewController.swift */,
			);
			path = Photo;
			sourceTree = "<group>";
		};
		E9FDED9F1C4946F200557D0A /* Gallery */ = {
			isa = PBXGroup;
			children = (
				E9FDEDA01C49478F00557D0A /* GalleryDetailViewController.swift */,
			);
			path = Gallery;
			sourceTree = "<group>";
		};
		F5F315960448DE3ADCF35C26 /* Pods */ = {
			isa = PBXGroup;
			children = (
				A18FFB26088383633394625A /* Pods-ehreader.debug.xcconfig */,
				C546FD883CD238072C87AC87 /* Pods-ehreader.release.xcconfig */,
			);
			name = Pods;
			sourceTree = "<group>";
		};
		F78DD6CD1BF9DB7B003D3CB9 = {
			isa = PBXGroup;
			children = (
				F78DD6D81BF9DB7C003D3CB9 /* ehreader */,
				F78DD6ED1BF9DB7D003D3CB9 /* ehreaderTests */,
				F78DD6D71BF9DB7C003D3CB9 /* Products */,
				F5F315960448DE3ADCF35C26 /* Pods */,
				21DD57ACF2F65B9C647D2B90 /* Frameworks */,
			);
			sourceTree = "<group>";
		};
		F78DD6D71BF9DB7C003D3CB9 /* Products */ = {
			isa = PBXGroup;
			children = (
				F78DD6D61BF9DB7C003D3CB9 /* ehreader.app */,
				F78DD6EA1BF9DB7D003D3CB9 /* ehreaderTests.xctest */,
			);
			name = Products;
			sourceTree = "<group>";
		};
		F78DD6D81BF9DB7C003D3CB9 /* ehreader */ = {
			isa = PBXGroup;
			children = (
				F7FAA4E31BFABC9000E27E4A /* db */,
				F78DD6F91BF9E4E1003D3CB9 /* api */,
				F78DD6FA1BF9E4E1003D3CB9 /* controller */,
				F78DD6FB1BF9E4E1003D3CB9 /* service */,
				F78DD6FC1BF9E4E1003D3CB9 /* util */,
				F78DD6FD1BF9E4E1003D3CB9 /* wedget */,
				F78DD6D91BF9DB7C003D3CB9 /* AppDelegate.swift */,
				F78DD6DB1BF9DB7C003D3CB9 /* ViewController.swift */,
				E95C06401C48C2F70081C9C3 /* Media.xcassets */,
				F78DD6DD1BF9DB7C003D3CB9 /* Main.storyboard */,
				F78DD6E01BF9DB7D003D3CB9 /* Assets.xcassets */,
				F78DD6E21BF9DB7D003D3CB9 /* LaunchScreen.storyboard */,
				F78DD6E51BF9DB7D003D3CB9 /* Info.plist */,
			);
			path = ehreader;
			sourceTree = "<group>";
		};
		F78DD6ED1BF9DB7D003D3CB9 /* ehreaderTests */ = {
			isa = PBXGroup;
			children = (
				F78DD6EE1BF9DB7D003D3CB9 /* ehreaderTests.swift */,
				F7EE39E61BFC173300531983 /* LoginHelperTests.swift */,
				F7EE3AAB1BFC9E6900531983 /* DataLoaderTests.swift */,
				E97999961C4D1DFC00003AF6 /* PhotoServiceTests.swift */,
				F78DD6F01BF9DB7D003D3CB9 /* Info.plist */,
			);
			path = ehreaderTests;
			sourceTree = "<group>";
		};
		F78DD6F91BF9E4E1003D3CB9 /* api */ = {
			isa = PBXGroup;
			children = (
				F78DD6FE1BF9E56D003D3CB9 /* DataLoader.swift */,
				F72B31E71C4F7C88007C6B21 /* PixivProvider.swift */,
			);
			path = api;
			sourceTree = "<group>";
		};
		F78DD6FA1BF9E4E1003D3CB9 /* controller */ = {
			isa = PBXGroup;
			children = (
				E9B216F21C4A6FD50099CF54 /* Photo */,
				E9FDED9F1C4946F200557D0A /* Gallery */,
				F7EB13351BFDCF2C00538CC5 /* GalleryWaterFlowViewController.swift */,
				E942D5321C4754F600E595CC /* GalleryTableViewController.swift */,
				E949A0391C4899B600C6C674 /* GalleryTableViewCell.swift */,
			);
			path = controller;
			sourceTree = "<group>";
		};
		F78DD6FB1BF9E4E1003D3CB9 /* service */ = {
			isa = PBXGroup;
			children = (
				E92C26CE1C4E0787009FB297 /* BppDownloadFile.swift */,
				F730FDE71BFEFA6000F44740 /* GalleryService.swift */,
				E9B216F51C4A84990099CF54 /* PhotoService.swift */,
			);
			path = service;
			sourceTree = "<group>";
		};
		F78DD6FC1BF9E4E1003D3CB9 /* util */ = {
			isa = PBXGroup;
			children = (
				F7EE39E41BFC0E9E00531983 /* Extensions.swift */,
				E9DC51EB1C4699740053D331 /* Constants.swift */,
				F7A556D51BFB485000E7CBEB /* LoginHelper.swift */,
				F7EB132B1BFD5F0E00538CC5 /* RegexHelper.swift */,
			);
			path = util;
			sourceTree = "<group>";
		};
		F78DD6FD1BF9E4E1003D3CB9 /* wedget */ = {
			isa = PBXGroup;
			children = (
				E9FDED9B1C49385E00557D0A /* RatingBar.swift */,
				E95C063E1C48C2A70081C9C3 /* BackgroundView.swift */,
				F730FDE51BFEF83500F44740 /* CollectionViewWaterfallLayout.swift */,
				F7EB13371BFDCFEF00538CC5 /* customcell */,
			);
			path = wedget;
			sourceTree = "<group>";
		};
		F7EB13371BFDCFEF00538CC5 /* customcell */ = {
			isa = PBXGroup;
			children = (
				F7EB13381BFDD01300538CC5 /* GalleryCell.swift */,
			);
			path = customcell;
			sourceTree = "<group>";
		};
		F7FAA4E31BFABC9000E27E4A /* db */ = {
			isa = PBXGroup;
			children = (
				F7FAA4EA1BFAC43100E27E4A /* Gallery.swift */,
				F7FAA4EC1BFACA6200E27E4A /* Photo.swift */,
				F7A556D11BFB2A1F00E7CBEB /* ImageSearch.swift */,
				F7A556D31BFB2DAB00E7CBEB /* Download.swift */,
			);
			path = db;
			sourceTree = "<group>";
		};
/* End PBXGroup section */

/* Begin PBXNativeTarget section */
		F78DD6D51BF9DB7C003D3CB9 /* ehreader */ = {
			isa = PBXNativeTarget;
			buildConfigurationList = F78DD6F31BF9DB7D003D3CB9 /* Build configuration list for PBXNativeTarget "ehreader" */;
			buildPhases = (
				DCDBBE4E33533C08361FE499 /* Check Pods Manifest.lock */,
				F78DD6D21BF9DB7C003D3CB9 /* Sources */,
				F78DD6D31BF9DB7C003D3CB9 /* Frameworks */,
				F78DD6D41BF9DB7C003D3CB9 /* Resources */,
				8354AE4C0AF9ECB57719C335 /* Embed Pods Frameworks */,
				3A0C97DCD9A506E589AC207B /* Copy Pods Resources */,
			);
			buildRules = (
			);
			dependencies = (
			);
			name = ehreader;
			productName = ehreader;
			productReference = F78DD6D61BF9DB7C003D3CB9 /* ehreader.app */;
			productType = "com.apple.product-type.application";
		};
		F78DD6E91BF9DB7D003D3CB9 /* ehreaderTests */ = {
			isa = PBXNativeTarget;
			buildConfigurationList = F78DD6F61BF9DB7D003D3CB9 /* Build configuration list for PBXNativeTarget "ehreaderTests" */;
			buildPhases = (
				F78DD6E61BF9DB7D003D3CB9 /* Sources */,
				F78DD6E71BF9DB7D003D3CB9 /* Frameworks */,
				F78DD6E81BF9DB7D003D3CB9 /* Resources */,
			);
			buildRules = (
			);
			dependencies = (
				F78DD6EC1BF9DB7D003D3CB9 /* PBXTargetDependency */,
			);
			name = ehreaderTests;
			productName = ehreaderTests;
			productReference = F78DD6EA1BF9DB7D003D3CB9 /* ehreaderTests.xctest */;
			productType = "com.apple.product-type.bundle.unit-test";
		};
/* End PBXNativeTarget section */

/* Begin PBXProject section */
		F78DD6CE1BF9DB7B003D3CB9 /* Project object */ = {
			isa = PBXProject;
			attributes = {
				LastSwiftUpdateCheck = 0710;
				LastUpgradeCheck = 0710;
				ORGANIZATIONNAME = bravedefault;
				TargetAttributes = {
					F78DD6D51BF9DB7C003D3CB9 = {
						CreatedOnToolsVersion = 7.1.1;
					};
					F78DD6E91BF9DB7D003D3CB9 = {
						CreatedOnToolsVersion = 7.1.1;
						TestTargetID = F78DD6D51BF9DB7C003D3CB9;
					};
				};
			};
			buildConfigurationList = F78DD6D11BF9DB7B003D3CB9 /* Build configuration list for PBXProject "ehreader" */;
			compatibilityVersion = "Xcode 3.2";
			developmentRegion = English;
			hasScannedForEncodings = 0;
			knownRegions = (
				en,
				Base,
			);
			mainGroup = F78DD6CD1BF9DB7B003D3CB9;
			productRefGroup = F78DD6D71BF9DB7C003D3CB9 /* Products */;
			projectDirPath = "";
			projectRoot = "";
			targets = (
				F78DD6D51BF9DB7C003D3CB9 /* ehreader */,
				F78DD6E91BF9DB7D003D3CB9 /* ehreaderTests */,
			);
		};
/* End PBXProject section */

/* Begin PBXResourcesBuildPhase section */
		F78DD6D41BF9DB7C003D3CB9 /* Resources */ = {
			isa = PBXResourcesBuildPhase;
			buildActionMask = 2147483647;
			files = (
				F78DD6E41BF9DB7D003D3CB9 /* LaunchScreen.storyboard in Resources */,
				F78DD6E11BF9DB7D003D3CB9 /* Assets.xcassets in Resources */,
				E95C06411C48C2F70081C9C3 /* Media.xcassets in Resources */,
				F78DD6DF1BF9DB7C003D3CB9 /* Main.storyboard in Resources */,
			);
			runOnlyForDeploymentPostprocessing = 0;
		};
		F78DD6E81BF9DB7D003D3CB9 /* Resources */ = {
			isa = PBXResourcesBuildPhase;
			buildActionMask = 2147483647;
			files = (
			);
			runOnlyForDeploymentPostprocessing = 0;
		};
/* End PBXResourcesBuildPhase section */

/* Begin PBXShellScriptBuildPhase section */
		3A0C97DCD9A506E589AC207B /* Copy Pods Resources */ = {
			isa = PBXShellScriptBuildPhase;
			buildActionMask = 2147483647;
			files = (
			);
			inputPaths = (
			);
			name = "Copy Pods Resources";
			outputPaths = (
			);
			runOnlyForDeploymentPostprocessing = 0;
			shellPath = /bin/sh;
			shellScript = "\"${SRCROOT}/Pods/Target Support Files/Pods-ehreader/Pods-ehreader-resources.sh\"\n";
			showEnvVarsInLog = 0;
		};
		8354AE4C0AF9ECB57719C335 /* Embed Pods Frameworks */ = {
			isa = PBXShellScriptBuildPhase;
			buildActionMask = 2147483647;
			files = (
			);
			inputPaths = (
			);
			name = "Embed Pods Frameworks";
			outputPaths = (
			);
			runOnlyForDeploymentPostprocessing = 0;
			shellPath = /bin/sh;
			shellScript = "\"${SRCROOT}/Pods/Target Support Files/Pods-ehreader/Pods-ehreader-frameworks.sh\"\n";
			showEnvVarsInLog = 0;
		};
		DCDBBE4E33533C08361FE499 /* Check Pods Manifest.lock */ = {
			isa = PBXShellScriptBuildPhase;
			buildActionMask = 2147483647;
			files = (
			);
			inputPaths = (
			);
			name = "Check Pods Manifest.lock";
			outputPaths = (
			);
			runOnlyForDeploymentPostprocessing = 0;
			shellPath = /bin/sh;
			shellScript = "diff \"${PODS_ROOT}/../Podfile.lock\" \"${PODS_ROOT}/Manifest.lock\" > /dev/null\nif [[ $? != 0 ]] ; then\n    cat << EOM\nerror: The sandbox is not in sync with the Podfile.lock. Run 'pod install' or update your CocoaPods installation.\nEOM\n    exit 1\nfi\n";
			showEnvVarsInLog = 0;
		};
/* End PBXShellScriptBuildPhase section */

/* Begin PBXSourcesBuildPhase section */
		F78DD6D21BF9DB7C003D3CB9 /* Sources */ = {
			isa = PBXSourcesBuildPhase;
			buildActionMask = 2147483647;
			files = (
				E95C063F1C48C2A70081C9C3 /* BackgroundView.swift in Sources */,
				F7A556D21BFB2A1F00E7CBEB /* ImageSearch.swift in Sources */,
				F7A556D41BFB2DAB00E7CBEB /* Download.swift in Sources */,
				F7FAA4EB1BFAC43100E27E4A /* Gallery.swift in Sources */,
				F730FDE61BFEF83500F44740 /* CollectionViewWaterfallLayout.swift in Sources */,
				E942D5331C4754F600E595CC /* GalleryTableViewController.swift in Sources */,
				E9FDEDA11C49478F00557D0A /* GalleryDetailViewController.swift in Sources */,
				F7EB13391BFDD01300538CC5 /* GalleryCell.swift in Sources */,
				F78DD6DC1BF9DB7C003D3CB9 /* ViewController.swift in Sources */,
				E9FDED9C1C49385E00557D0A /* RatingBar.swift in Sources */,
				F78DD6DA1BF9DB7C003D3CB9 /* AppDelegate.swift in Sources */,
				E9B216F41C4A77AF0099CF54 /* PhotoViewController.swift in Sources */,
				E9B216F61C4A84990099CF54 /* PhotoService.swift in Sources */,
				E92C26CF1C4E0787009FB297 /* BppDownloadFile.swift in Sources */,
				E9DC51EC1C4699740053D331 /* Constants.swift in Sources */,
				E949A03A1C4899B600C6C674 /* GalleryTableViewCell.swift in Sources */,
				F730FDE81BFEFA6000F44740 /* GalleryService.swift in Sources */,
				F72B31E81C4F7C89007C6B21 /* PixivProvider.swift in Sources */,
				F7EE39E51BFC0E9E00531983 /* Extensions.swift in Sources */,
				F78DD6FF1BF9E56D003D3CB9 /* DataLoader.swift in Sources */,
				F7FAA4ED1BFACA6200E27E4A /* Photo.swift in Sources */,
				F7EB13361BFDCF2C00538CC5 /* GalleryWaterFlowViewController.swift in Sources */,
				F7A556D61BFB485000E7CBEB /* LoginHelper.swift in Sources */,
				F7EB132C1BFD5F0E00538CC5 /* RegexHelper.swift in Sources */,
			);
			runOnlyForDeploymentPostprocessing = 0;
		};
		F78DD6E61BF9DB7D003D3CB9 /* Sources */ = {
			isa = PBXSourcesBuildPhase;
			buildActionMask = 2147483647;
			files = (
				E97999971C4D1DFC00003AF6 /* PhotoServiceTests.swift in Sources */,
				F7EE3AAC1BFC9E6900531983 /* DataLoaderTests.swift in Sources */,
				F78DD6EF1BF9DB7D003D3CB9 /* ehreaderTests.swift in Sources */,
				F7EE39E71BFC173300531983 /* LoginHelperTests.swift in Sources */,
			);
			runOnlyForDeploymentPostprocessing = 0;
		};
/* End PBXSourcesBuildPhase section */

/* Begin PBXTargetDependency section */
		F78DD6EC1BF9DB7D003D3CB9 /* PBXTargetDependency */ = {
			isa = PBXTargetDependency;
			target = F78DD6D51BF9DB7C003D3CB9 /* ehreader */;
			targetProxy = F78DD6EB1BF9DB7D003D3CB9 /* PBXContainerItemProxy */;
		};
/* End PBXTargetDependency section */

/* Begin PBXVariantGroup section */
		F78DD6DD1BF9DB7C003D3CB9 /* Main.storyboard */ = {
			isa = PBXVariantGroup;
			children = (
				F78DD6DE1BF9DB7C003D3CB9 /* Base */,
			);
			name = Main.storyboard;
			sourceTree = "<group>";
		};
		F78DD6E21BF9DB7D003D3CB9 /* LaunchScreen.storyboard */ = {
			isa = PBXVariantGroup;
			children = (
				F78DD6E31BF9DB7D003D3CB9 /* Base */,
			);
			name = LaunchScreen.storyboard;
			sourceTree = "<group>";
		};
/* End PBXVariantGroup section */

/* Begin XCBuildConfiguration section */
		F78DD6F11BF9DB7D003D3CB9 /* Debug */ = {
			isa = XCBuildConfiguration;
			buildSettings = {
				ALWAYS_SEARCH_USER_PATHS = NO;
				CLANG_CXX_LANGUAGE_STANDARD = "gnu++0x";
				CLANG_CXX_LIBRARY = "libc++";
				CLANG_ENABLE_MODULES = YES;
				CLANG_ENABLE_OBJC_ARC = YES;
				CLANG_WARN_BOOL_CONVERSION = YES;
				CLANG_WARN_CONSTANT_CONVERSION = YES;
				CLANG_WARN_DIRECT_OBJC_ISA_USAGE = YES_ERROR;
				CLANG_WARN_EMPTY_BODY = YES;
				CLANG_WARN_ENUM_CONVERSION = YES;
				CLANG_WARN_INT_CONVERSION = YES;
				CLANG_WARN_OBJC_ROOT_CLASS = YES_ERROR;
				CLANG_WARN_UNREACHABLE_CODE = YES;
				CLANG_WARN__DUPLICATE_METHOD_MATCH = YES;
				"CODE_SIGN_IDENTITY[sdk=iphoneos*]" = "iPhone Developer";
				COPY_PHASE_STRIP = NO;
				DEBUG_INFORMATION_FORMAT = dwarf;
				ENABLE_STRICT_OBJC_MSGSEND = YES;
				ENABLE_TESTABILITY = YES;
				GCC_C_LANGUAGE_STANDARD = gnu99;
				GCC_DYNAMIC_NO_PIC = NO;
				GCC_NO_COMMON_BLOCKS = YES;
				GCC_OPTIMIZATION_LEVEL = 0;
				GCC_PREPROCESSOR_DEFINITIONS = (
					"DEBUG=1",
					"$(inherited)",
				);
				GCC_WARN_64_TO_32_BIT_CONVERSION = YES;
				GCC_WARN_ABOUT_RETURN_TYPE = YES_ERROR;
				GCC_WARN_UNDECLARED_SELECTOR = YES;
				GCC_WARN_UNINITIALIZED_AUTOS = YES_AGGRESSIVE;
				GCC_WARN_UNUSED_FUNCTION = YES;
				GCC_WARN_UNUSED_VARIABLE = YES;
				IPHONEOS_DEPLOYMENT_TARGET = 9.1;
				MTL_ENABLE_DEBUG_INFO = YES;
				ONLY_ACTIVE_ARCH = YES;
				SDKROOT = iphoneos;
				SWIFT_OPTIMIZATION_LEVEL = "-Onone";
				TARGETED_DEVICE_FAMILY = "1,2";
			};
			name = Debug;
		};
		F78DD6F21BF9DB7D003D3CB9 /* Release */ = {
			isa = XCBuildConfiguration;
			buildSettings = {
				ALWAYS_SEARCH_USER_PATHS = NO;
				CLANG_CXX_LANGUAGE_STANDARD = "gnu++0x";
				CLANG_CXX_LIBRARY = "libc++";
				CLANG_ENABLE_MODULES = YES;
				CLANG_ENABLE_OBJC_ARC = YES;
				CLANG_WARN_BOOL_CONVERSION = YES;
				CLANG_WARN_CONSTANT_CONVERSION = YES;
				CLANG_WARN_DIRECT_OBJC_ISA_USAGE = YES_ERROR;
				CLANG_WARN_EMPTY_BODY = YES;
				CLANG_WARN_ENUM_CONVERSION = YES;
				CLANG_WARN_INT_CONVERSION = YES;
				CLANG_WARN_OBJC_ROOT_CLASS = YES_ERROR;
				CLANG_WARN_UNREACHABLE_CODE = YES;
				CLANG_WARN__DUPLICATE_METHOD_MATCH = YES;
				"CODE_SIGN_IDENTITY[sdk=iphoneos*]" = "iPhone Developer";
				COPY_PHASE_STRIP = NO;
				DEBUG_INFORMATION_FORMAT = "dwarf-with-dsym";
				ENABLE_NS_ASSERTIONS = NO;
				ENABLE_STRICT_OBJC_MSGSEND = YES;
				GCC_C_LANGUAGE_STANDARD = gnu99;
				GCC_NO_COMMON_BLOCKS = YES;
				GCC_WARN_64_TO_32_BIT_CONVERSION = YES;
				GCC_WARN_ABOUT_RETURN_TYPE = YES_ERROR;
				GCC_WARN_UNDECLARED_SELECTOR = YES;
				GCC_WARN_UNINITIALIZED_AUTOS = YES_AGGRESSIVE;
				GCC_WARN_UNUSED_FUNCTION = YES;
				GCC_WARN_UNUSED_VARIABLE = YES;
				IPHONEOS_DEPLOYMENT_TARGET = 9.1;
				MTL_ENABLE_DEBUG_INFO = NO;
				SDKROOT = iphoneos;
				TARGETED_DEVICE_FAMILY = "1,2";
				VALIDATE_PRODUCT = YES;
			};
			name = Release;
		};
		F78DD6F41BF9DB7D003D3CB9 /* Debug */ = {
			isa = XCBuildConfiguration;
			baseConfigurationReference = A18FFB26088383633394625A /* Pods-ehreader.debug.xcconfig */;
			buildSettings = {
				ASSETCATALOG_COMPILER_APPICON_NAME = AppIcon;
				FRAMEWORK_SEARCH_PATHS = (
					"$(inherited)",
					"$(PROJECT_DIR)/build/Debug-iphoneos",
				);
				INFOPLIST_FILE = ehreader/Info.plist;
				IPHONEOS_DEPLOYMENT_TARGET = 8.0;
				LD_RUNPATH_SEARCH_PATHS = "$(inherited) @executable_path/Frameworks";
				PRODUCT_BUNDLE_IDENTIFIER = com.bravedefault.ehreader;
				PRODUCT_NAME = "$(TARGET_NAME)";
			};
			name = Debug;
		};
		F78DD6F51BF9DB7D003D3CB9 /* Release */ = {
			isa = XCBuildConfiguration;
			baseConfigurationReference = C546FD883CD238072C87AC87 /* Pods-ehreader.release.xcconfig */;
			buildSettings = {
				ASSETCATALOG_COMPILER_APPICON_NAME = AppIcon;
				FRAMEWORK_SEARCH_PATHS = (
					"$(inherited)",
					"$(PROJECT_DIR)/build/Debug-iphoneos",
				);
				INFOPLIST_FILE = ehreader/Info.plist;
				IPHONEOS_DEPLOYMENT_TARGET = 8.0;
				LD_RUNPATH_SEARCH_PATHS = "$(inherited) @executable_path/Frameworks";
				PRODUCT_BUNDLE_IDENTIFIER = com.bravedefault.ehreader;
				PRODUCT_NAME = "$(TARGET_NAME)";
			};
			name = Release;
		};
		F78DD6F71BF9DB7D003D3CB9 /* Debug */ = {
			isa = XCBuildConfiguration;
			buildSettings = {
				BUNDLE_LOADER = "$(TEST_HOST)";
				FRAMEWORK_SEARCH_PATHS = (
					"$(inherited)",
					"$(PROJECT_DIR)/build/Debug-iphoneos",
				);
				INFOPLIST_FILE = ehreaderTests/Info.plist;
				LD_RUNPATH_SEARCH_PATHS = "$(inherited) @executable_path/Frameworks @loader_path/Frameworks";
				PRODUCT_BUNDLE_IDENTIFIER = com.bravedefault.ehreaderTests;
				PRODUCT_NAME = "$(TARGET_NAME)";
				TEST_HOST = "$(BUILT_PRODUCTS_DIR)/ehreader.app/ehreader";
			};
			name = Debug;
		};
		F78DD6F81BF9DB7D003D3CB9 /* Release */ = {
			isa = XCBuildConfiguration;
			buildSettings = {
				BUNDLE_LOADER = "$(TEST_HOST)";
				FRAMEWORK_SEARCH_PATHS = (
					"$(inherited)",
					"$(PROJECT_DIR)/build/Debug-iphoneos",
				);
				INFOPLIST_FILE = ehreaderTests/Info.plist;
				LD_RUNPATH_SEARCH_PATHS = "$(inherited) @executable_path/Frameworks @loader_path/Frameworks";
				PRODUCT_BUNDLE_IDENTIFIER = com.bravedefault.ehreaderTests;
				PRODUCT_NAME = "$(TARGET_NAME)";
				TEST_HOST = "$(BUILT_PRODUCTS_DIR)/ehreader.app/ehreader";
			};
			name = Release;
		};
/* End XCBuildConfiguration section */

/* Begin XCConfigurationList section */
		F78DD6D11BF9DB7B003D3CB9 /* Build configuration list for PBXProject "ehreader" */ = {
			isa = XCConfigurationList;
			buildConfigurations = (
				F78DD6F11BF9DB7D003D3CB9 /* Debug */,
				F78DD6F21BF9DB7D003D3CB9 /* Release */,
			);
			defaultConfigurationIsVisible = 0;
			defaultConfigurationName = Release;
		};
		F78DD6F31BF9DB7D003D3CB9 /* Build configuration list for PBXNativeTarget "ehreader" */ = {
			isa = XCConfigurationList;
			buildConfigurations = (
				F78DD6F41BF9DB7D003D3CB9 /* Debug */,
				F78DD6F51BF9DB7D003D3CB9 /* Release */,
			);
			defaultConfigurationIsVisible = 0;
			defaultConfigurationName = Release;
		};
		F78DD6F61BF9DB7D003D3CB9 /* Build configuration list for PBXNativeTarget "ehreaderTests" */ = {
			isa = XCConfigurationList;
			buildConfigurations = (
				F78DD6F71BF9DB7D003D3CB9 /* Debug */,
				F78DD6F81BF9DB7D003D3CB9 /* Release */,
			);
			defaultConfigurationIsVisible = 0;
			defaultConfigurationName = Release;
		};
/* End XCConfigurationList section */
	};
	rootObject = F78DD6CE1BF9DB7B003D3CB9 /* Project object */;
}
