// !$*UTF8*$!
{
	archiveVersion = 1;
	classes = {
	};
	objectVersion = 46;
	objects = {

/* Begin PBXBuildFile section */
		86EA0D6DDE51F968E31AD00E /* Pods_ehreader.framework in Frameworks */ = {isa = PBXBuildFile; fileRef = 45B23450AFE3BAEB72051ACE /* Pods_ehreader.framework */; };
		E911817B1CB62F0A0009A52C /* SVProgressHUD.framework in Frameworks */ = {isa = PBXBuildFile; fileRef = E911817A1CB62F0A0009A52C /* SVProgressHUD.framework */; };
		E911817D1CB642130009A52C /* UIRefreshHeaderView.swift in Sources */ = {isa = PBXBuildFile; fileRef = E911817C1CB642130009A52C /* UIRefreshHeaderView.swift */; };
		E91181801CB6700A0009A52C /* SettingViewController.swift in Sources */ = {isa = PBXBuildFile; fileRef = E911817F1CB6700A0009A52C /* SettingViewController.swift */; };
		E9187DC61CAE134000B6B733 /* SSZipArchive.framework in Frameworks */ = {isa = PBXBuildFile; fileRef = E9187DC51CAE134000B6B733 /* SSZipArchive.framework */; };
		E91B7BCD1C9A7E54007ED39F /* LatestGalleryViewController.swift in Sources */ = {isa = PBXBuildFile; fileRef = E91B7BCC1C9A7E54007ED39F /* LatestGalleryViewController.swift */; };
		E91B7BCF1C9A7F12007ED39F /* RankGalleryViewController.swift in Sources */ = {isa = PBXBuildFile; fileRef = E91B7BCE1C9A7F12007ED39F /* RankGalleryViewController.swift */; };
		E91B7BD31C9AA248007ED39F /* SearchViewController.swift in Sources */ = {isa = PBXBuildFile; fileRef = E91B7BD21C9AA248007ED39F /* SearchViewController.swift */; };
		E92C26CF1C4E0787009FB297 /* BppDownloadFile.swift in Sources */ = {isa = PBXBuildFile; fileRef = E92C26CE1C4E0787009FB297 /* BppDownloadFile.swift */; };
		E92C26D11C4E091D009FB297 /* CryptoSwift.framework in Frameworks */ = {isa = PBXBuildFile; fileRef = E92C26D01C4E091D009FB297 /* CryptoSwift.framework */; };
		E934F77B1CAB7CA600A26E64 /* CollieGallery.podspec in Resources */ = {isa = PBXBuildFile; fileRef = E934F77A1CAB7CA600A26E64 /* CollieGallery.podspec */; };
		E934F77D1CAB7E1400A26E64 /* CollieGallery.framework in Frameworks */ = {isa = PBXBuildFile; fileRef = E934F77C1CAB7E1400A26E64 /* CollieGallery.framework */; };
		E934F77F1CABA2EA00A26E64 /* PixivImageUrl.swift in Sources */ = {isa = PBXBuildFile; fileRef = E934F77E1CABA2EA00A26E64 /* PixivImageUrl.swift */; };
		E934F7811CABBB8900A26E64 /* UCZProgressView.podspec in Resources */ = {isa = PBXBuildFile; fileRef = E934F7801CABBB8900A26E64 /* UCZProgressView.podspec */; };
		E93D68CC1C4FDC6C00EB0932 /* PixivProviderTests.swift in Sources */ = {isa = PBXBuildFile; fileRef = E93D68CB1C4FDC6C00EB0932 /* PixivProviderTests.swift */; };
		E95C063F1C48C2A70081C9C3 /* BackgroundView.swift in Sources */ = {isa = PBXBuildFile; fileRef = E95C063E1C48C2A70081C9C3 /* BackgroundView.swift */; };
		E95C06411C48C2F70081C9C3 /* Media.xcassets in Resources */ = {isa = PBXBuildFile; fileRef = E95C06401C48C2F70081C9C3 /* Media.xcassets */; };
		E967A4921C5079EF000C6DC2 /* PixivUser.swift in Sources */ = {isa = PBXBuildFile; fileRef = E967A4911C5079EF000C6DC2 /* PixivUser.swift */; };
		E967A4941C50C9B2000C6DC2 /* PixivIllust.swift in Sources */ = {isa = PBXBuildFile; fileRef = E967A4931C50C9B2000C6DC2 /* PixivIllust.swift */; };
		E967A4961C50D172000C6DC2 /* PixivIllustGallery.swift in Sources */ = {isa = PBXBuildFile; fileRef = E967A4951C50D172000C6DC2 /* PixivIllustGallery.swift */; };
		E96971421CAC2A090073FA43 /* UCZProgressView.framework in Frameworks */ = {isa = PBXBuildFile; fileRef = E96971411CAC2A090073FA43 /* UCZProgressView.framework */; };
		E97149821CB35E0300DC4F7F /* BALoadingView.framework in Frameworks */ = {isa = PBXBuildFile; fileRef = E97149801CB35E0300DC4F7F /* BALoadingView.framework */; };
		E97149831CB35E0300DC4F7F /* RNLoadingButton_Swift.framework in Frameworks */ = {isa = PBXBuildFile; fileRef = E97149811CB35E0300DC4F7F /* RNLoadingButton_Swift.framework */; };
		E97999971C4D1DFC00003AF6 /* PhotoServiceTests.swift in Sources */ = {isa = PBXBuildFile; fileRef = E97999961C4D1DFC00003AF6 /* PhotoServiceTests.swift */; };
		E97D61D11C8D4B5800E12AEF /* PushTransition.swift in Sources */ = {isa = PBXBuildFile; fileRef = E97D61D01C8D4B5800E12AEF /* PushTransition.swift */; };
		E97D61D31C8D58A700E12AEF /* PopTransition.swift in Sources */ = {isa = PBXBuildFile; fileRef = E97D61D21C8D58A700E12AEF /* PopTransition.swift */; };
		E98AB13F1C7456C500291F27 /* AXStretchableHeaderTabViewController.framework in Frameworks */ = {isa = PBXBuildFile; fileRef = E98AB13B1C7456C500291F27 /* AXStretchableHeaderTabViewController.framework */; };
		E98AB1401C7456C500291F27 /* RAMAnimatedTabBarController.framework in Frameworks */ = {isa = PBXBuildFile; fileRef = E98AB13C1C7456C500291F27 /* RAMAnimatedTabBarController.framework */; };
		E98AB1411C7456C500291F27 /* Realm.framework in Frameworks */ = {isa = PBXBuildFile; fileRef = E98AB13D1C7456C500291F27 /* Realm.framework */; };
		E98B07401C89C2E100EE44B7 /* CustomNavigationController.swift in Sources */ = {isa = PBXBuildFile; fileRef = E98B072E1C89C2E100EE44B7 /* CustomNavigationController.swift */; };
		E98B07411C89C2E100EE44B7 /* GalleryDetailViewController.swift in Sources */ = {isa = PBXBuildFile; fileRef = E98B07301C89C2E100EE44B7 /* GalleryDetailViewController.swift */; };
		E98B07421C89C2E100EE44B7 /* GalleryCollectionViewCell.swift in Sources */ = {isa = PBXBuildFile; fileRef = E98B07321C89C2E100EE44B7 /* GalleryCollectionViewCell.swift */; };
		E98B07431C89C2E100EE44B7 /* GalleryCollectionViewController.swift in Sources */ = {isa = PBXBuildFile; fileRef = E98B07331C89C2E100EE44B7 /* GalleryCollectionViewController.swift */; };
		E98B07441C89C2E100EE44B7 /* GalleryTableViewCell.swift in Sources */ = {isa = PBXBuildFile; fileRef = E98B07341C89C2E100EE44B7 /* GalleryTableViewCell.swift */; };
		E98B07451C89C2E100EE44B7 /* GalleryTableViewController.swift in Sources */ = {isa = PBXBuildFile; fileRef = E98B07351C89C2E100EE44B7 /* GalleryTableViewController.swift */; };
		E98B07461C89C2E100EE44B7 /* PhotoViewController.swift in Sources */ = {isa = PBXBuildFile; fileRef = E98B07371C89C2E100EE44B7 /* PhotoViewController.swift */; };
		E98B07471C89C2E100EE44B7 /* MainTabbar.swift in Sources */ = {isa = PBXBuildFile; fileRef = E98B07391C89C2E100EE44B7 /* MainTabbar.swift */; };
		E98B07481C89C2E100EE44B7 /* MainTabBarButton.swift in Sources */ = {isa = PBXBuildFile; fileRef = E98B073A1C89C2E100EE44B7 /* MainTabBarButton.swift */; };
		E98B07491C89C2E100EE44B7 /* MainTabbarController.swift in Sources */ = {isa = PBXBuildFile; fileRef = E98B073B1C89C2E100EE44B7 /* MainTabbarController.swift */; };
		E98B074A1C89C2E100EE44B7 /* CollectionViewWaterfallLayout.swift in Sources */ = {isa = PBXBuildFile; fileRef = E98B073D1C89C2E100EE44B7 /* CollectionViewWaterfallLayout.swift */; };
		E98B074B1C89C2E100EE44B7 /* GalleryCell.swift in Sources */ = {isa = PBXBuildFile; fileRef = E98B073E1C89C2E100EE44B7 /* GalleryCell.swift */; };
		E98B074C1C89C2E100EE44B7 /* GalleryWaterFlowViewController.swift in Sources */ = {isa = PBXBuildFile; fileRef = E98B073F1C89C2E100EE44B7 /* GalleryWaterFlowViewController.swift */; };
		E98BBEEC1CA02C25009C5099 /* UserFavoriteWorksViewController.swift in Sources */ = {isa = PBXBuildFile; fileRef = E98BBEEB1CA02C25009C5099 /* UserFavoriteWorksViewController.swift */; };
		E98BBEEE1CA03EAB009C5099 /* UserFollowingViewController.swift in Sources */ = {isa = PBXBuildFile; fileRef = E98BBEED1CA03EAB009C5099 /* UserFollowingViewController.swift */; };
		E98E21EB1CB3E79C001448FA /* NVActivityIndicatorView.framework in Frameworks */ = {isa = PBXBuildFile; fileRef = E98E21EA1CB3E79C001448FA /* NVActivityIndicatorView.framework */; };
		E98E21ED1CB3E7A0001448FA /* RKDropdownAlert.framework in Frameworks */ = {isa = PBXBuildFile; fileRef = E98E21EC1CB3E7A0001448FA /* RKDropdownAlert.framework */; };
		E98E21EF1CB3FD94001448FA /* PixivLoginHelper.swift in Sources */ = {isa = PBXBuildFile; fileRef = E98E21EE1CB3FD94001448FA /* PixivLoginHelper.swift */; };
		E98F53F41C9AE64F003B5093 /* PageControl.swift in Sources */ = {isa = PBXBuildFile; fileRef = E98F53F31C9AE64F003B5093 /* PageControl.swift */; };
		E997EAFA1CAD69E7005E1431 /* UgoiraHelper.swift in Sources */ = {isa = PBXBuildFile; fileRef = E997EAF91CAD69E7005E1431 /* UgoiraHelper.swift */; };
		E99D54111CB0DED100963364 /* LoginViewController.swift in Sources */ = {isa = PBXBuildFile; fileRef = E99D54101CB0DED100963364 /* LoginViewController.swift */; };
		E9A90D911CA7D3C300253629 /* SearchHistory.swift in Sources */ = {isa = PBXBuildFile; fileRef = E9A90D901CA7D3C300253629 /* SearchHistory.swift */; };
		E9AE80BA1C9F997B006A5AC4 /* MeFollowingViewController.swift in Sources */ = {isa = PBXBuildFile; fileRef = E9AE80B91C9F997B006A5AC4 /* MeFollowingViewController.swift */; };
		E9AE80BC1C9FA133006A5AC4 /* FollowingCollectionViewCell.swift in Sources */ = {isa = PBXBuildFile; fileRef = E9AE80BB1C9FA133006A5AC4 /* FollowingCollectionViewCell.swift */; };
		E9AE80BE1C9FCF3C006A5AC4 /* OtherProfileViewController.swift in Sources */ = {isa = PBXBuildFile; fileRef = E9AE80BD1C9FCF3C006A5AC4 /* OtherProfileViewController.swift */; };
		E9AE80C01C9FD86D006A5AC4 /* FunctionView.swift in Sources */ = {isa = PBXBuildFile; fileRef = E9AE80BF1C9FD86D006A5AC4 /* FunctionView.swift */; };
		E9B216F61C4A84990099CF54 /* PhotoService.swift in Sources */ = {isa = PBXBuildFile; fileRef = E9B216F51C4A84990099CF54 /* PhotoService.swift */; };
		E9B78FCD1CA26FE900A5F5D8 /* SearchResultViewController.swift in Sources */ = {isa = PBXBuildFile; fileRef = E9B78FCC1CA26FE900A5F5D8 /* SearchResultViewController.swift */; };
		E9B78FCF1CA272FC00A5F5D8 /* SearchWaterFlowViewController.swift in Sources */ = {isa = PBXBuildFile; fileRef = E9B78FCE1CA272FC00A5F5D8 /* SearchWaterFlowViewController.swift */; };
		E9C237D01C9FE70500343A41 /* UserWorksGalleryViewController.swift in Sources */ = {isa = PBXBuildFile; fileRef = E9C237CF1C9FE70500343A41 /* UserWorksGalleryViewController.swift */; };
		E9DC51EC1C4699740053D331 /* Constants.swift in Sources */ = {isa = PBXBuildFile; fileRef = E9DC51EB1C4699740053D331 /* Constants.swift */; };
		E9F0C6FB1CA9347000AB0A77 /* JTSImageViewController.framework in Frameworks */ = {isa = PBXBuildFile; fileRef = E9F0C6FA1CA9347000AB0A77 /* JTSImageViewController.framework */; };
		E9F0C6FD1CA9637000AB0A77 /* ImageProgressView.swift in Sources */ = {isa = PBXBuildFile; fileRef = E9F0C6FC1CA9637000AB0A77 /* ImageProgressView.swift */; };
		E9F1FD1F1C8E816D0029BD17 /* UIArrowTitleView.swift in Sources */ = {isa = PBXBuildFile; fileRef = E9F1FD1E1C8E816D0029BD17 /* UIArrowTitleView.swift */; };
		E9F1FD211C8EA6BE0029BD17 /* DropdownController.swift in Sources */ = {isa = PBXBuildFile; fileRef = E9F1FD201C8EA6BE0029BD17 /* DropdownController.swift */; };
		E9F1FD231C8EAF5D0029BD17 /* PixivRankingViewController.swift in Sources */ = {isa = PBXBuildFile; fileRef = E9F1FD221C8EAF5D0029BD17 /* PixivRankingViewController.swift */; };
		E9F1FD251C8EBD270029BD17 /* BlurView.swift in Sources */ = {isa = PBXBuildFile; fileRef = E9F1FD241C8EBD270029BD17 /* BlurView.swift */; };
		E9F1FD271C8EE15E0029BD17 /* RefreshManager.swift in Sources */ = {isa = PBXBuildFile; fileRef = E9F1FD261C8EE15E0029BD17 /* RefreshManager.swift */; };
		E9F6CB831C9AB8D000D26534 /* ProfileViewController.swift in Sources */ = {isa = PBXBuildFile; fileRef = E9F6CB821C9AB8D000D26534 /* ProfileViewController.swift */; };
		E9F6CB851C9ABBB900D26534 /* ProfileView.swift in Sources */ = {isa = PBXBuildFile; fileRef = E9F6CB841C9ABBB900D26534 /* ProfileView.swift */; };
		E9F774C11C9BAD250045D128 /* PixivProfile.swift in Sources */ = {isa = PBXBuildFile; fileRef = E9F774C01C9BAD250045D128 /* PixivProfile.swift */; };
		E9F774C51C9BB5320045D128 /* ViewPagerSwift.framework in Frameworks */ = {isa = PBXBuildFile; fileRef = E9F774C31C9BB5320045D128 /* ViewPagerSwift.framework */; };
		E9F774C71C9BF7150045D128 /* MeFavoriteWorksViewController.swift in Sources */ = {isa = PBXBuildFile; fileRef = E9F774C61C9BF7150045D128 /* MeFavoriteWorksViewController.swift */; };
		E9FB948B1C8FBDF50076E01D /* CurveRefreshFooterView.swift in Sources */ = {isa = PBXBuildFile; fileRef = E9FB948A1C8FBDF50076E01D /* CurveRefreshFooterView.swift */; };
		E9FB948D1C8FBDFB0076E01D /* LabelView.swift in Sources */ = {isa = PBXBuildFile; fileRef = E9FB948C1C8FBDFB0076E01D /* LabelView.swift */; };
		E9FB948F1C8FBE060076E01D /* CurveRefreshHeaderView.swift in Sources */ = {isa = PBXBuildFile; fileRef = E9FB948E1C8FBE060076E01D /* CurveRefreshHeaderView.swift */; };
		E9FB94911C8FBE0C0076E01D /* CurveLayer.swift in Sources */ = {isa = PBXBuildFile; fileRef = E9FB94901C8FBE0C0076E01D /* CurveLayer.swift */; };
		E9FB94931C8FBE3D0076E01D /* CurveView.swift in Sources */ = {isa = PBXBuildFile; fileRef = E9FB94921C8FBE3D0076E01D /* CurveView.swift */; };
		E9FDED9C1C49385E00557D0A /* RatingBar.swift in Sources */ = {isa = PBXBuildFile; fileRef = E9FDED9B1C49385E00557D0A /* RatingBar.swift */; };
		F72B31E81C4F7C89007C6B21 /* PixivProvider.swift in Sources */ = {isa = PBXBuildFile; fileRef = F72B31E71C4F7C88007C6B21 /* PixivProvider.swift */; };
		F730FDE81BFEFA6000F44740 /* GalleryService.swift in Sources */ = {isa = PBXBuildFile; fileRef = F730FDE71BFEFA6000F44740 /* GalleryService.swift */; };
		F78DD6DA1BF9DB7C003D3CB9 /* AppDelegate.swift in Sources */ = {isa = PBXBuildFile; fileRef = F78DD6D91BF9DB7C003D3CB9 /* AppDelegate.swift */; };
		F78DD6DC1BF9DB7C003D3CB9 /* ViewController.swift in Sources */ = {isa = PBXBuildFile; fileRef = F78DD6DB1BF9DB7C003D3CB9 /* ViewController.swift */; };
		F78DD6DF1BF9DB7C003D3CB9 /* Main.storyboard in Resources */ = {isa = PBXBuildFile; fileRef = F78DD6DD1BF9DB7C003D3CB9 /* Main.storyboard */; };
		F78DD6E11BF9DB7D003D3CB9 /* Assets.xcassets in Resources */ = {isa = PBXBuildFile; fileRef = F78DD6E01BF9DB7D003D3CB9 /* Assets.xcassets */; };
		F78DD6E41BF9DB7D003D3CB9 /* LaunchScreen.storyboard in Resources */ = {isa = PBXBuildFile; fileRef = F78DD6E21BF9DB7D003D3CB9 /* LaunchScreen.storyboard */; };
		F78DD6EF1BF9DB7D003D3CB9 /* ehreaderTests.swift in Sources */ = {isa = PBXBuildFile; fileRef = F78DD6EE1BF9DB7D003D3CB9 /* ehreaderTests.swift */; };
		F78DD6FF1BF9E56D003D3CB9 /* DataLoader.swift in Sources */ = {isa = PBXBuildFile; fileRef = F78DD6FE1BF9E56D003D3CB9 /* DataLoader.swift */; };
		F7A556D21BFB2A1F00E7CBEB /* ImageSearch.swift in Sources */ = {isa = PBXBuildFile; fileRef = F7A556D11BFB2A1F00E7CBEB /* ImageSearch.swift */; };
		F7A556D41BFB2DAB00E7CBEB /* Download.swift in Sources */ = {isa = PBXBuildFile; fileRef = F7A556D31BFB2DAB00E7CBEB /* Download.swift */; };
		F7A556D61BFB485000E7CBEB /* LoginHelper.swift in Sources */ = {isa = PBXBuildFile; fileRef = F7A556D51BFB485000E7CBEB /* LoginHelper.swift */; };
		F7EB132C1BFD5F0E00538CC5 /* RegexHelper.swift in Sources */ = {isa = PBXBuildFile; fileRef = F7EB132B1BFD5F0E00538CC5 /* RegexHelper.swift */; };
		F7EB13341BFDB1A100538CC5 /* Alamofire.framework in Frameworks */ = {isa = PBXBuildFile; fileRef = F7EB13331BFDB1A100538CC5 /* Alamofire.framework */; };
		F7EB133B1BFDDC4300538CC5 /* Kingfisher.framework in Frameworks */ = {isa = PBXBuildFile; fileRef = F7EB133A1BFDDC4300538CC5 /* Kingfisher.framework */; };
		F7EE39E51BFC0E9E00531983 /* Extensions.swift in Sources */ = {isa = PBXBuildFile; fileRef = F7EE39E41BFC0E9E00531983 /* Extensions.swift */; };
		F7EE39E71BFC173300531983 /* LoginHelperTests.swift in Sources */ = {isa = PBXBuildFile; fileRef = F7EE39E61BFC173300531983 /* LoginHelperTests.swift */; };
		F7EE3AAC1BFC9E6900531983 /* DataLoaderTests.swift in Sources */ = {isa = PBXBuildFile; fileRef = F7EE3AAB1BFC9E6900531983 /* DataLoaderTests.swift */; };
		F7FAA4E51BFABCC400E27E4A /* Alamofire.framework in Frameworks */ = {isa = PBXBuildFile; fileRef = F7FAA4E41BFABCC400E27E4A /* Alamofire.framework */; };
		F7FAA4E71BFABCC900E27E4A /* RealmSwift.framework in Frameworks */ = {isa = PBXBuildFile; fileRef = F7FAA4E61BFABCC900E27E4A /* RealmSwift.framework */; };
		F7FAA4E91BFABCCD00E27E4A /* SnapKit.framework in Frameworks */ = {isa = PBXBuildFile; fileRef = F7FAA4E81BFABCCD00E27E4A /* SnapKit.framework */; };
		F7FAA4EB1BFAC43100E27E4A /* Gallery.swift in Sources */ = {isa = PBXBuildFile; fileRef = F7FAA4EA1BFAC43100E27E4A /* Gallery.swift */; };
		F7FAA4ED1BFACA6200E27E4A /* Photo.swift in Sources */ = {isa = PBXBuildFile; fileRef = F7FAA4EC1BFACA6200E27E4A /* Photo.swift */; };
/* End PBXBuildFile section */

/* Begin PBXContainerItemProxy section */
		F78DD6EB1BF9DB7D003D3CB9 /* PBXContainerItemProxy */ = {
			isa = PBXContainerItemProxy;
			containerPortal = F78DD6CE1BF9DB7B003D3CB9 /* Project object */;
			proxyType = 1;
			remoteGlobalIDString = F78DD6D51BF9DB7C003D3CB9;
			remoteInfo = ehreader;
		};
/* End PBXContainerItemProxy section */

/* Begin PBXFileReference section */
		45B23450AFE3BAEB72051ACE /* Pods_ehreader.framework */ = {isa = PBXFileReference; explicitFileType = wrapper.framework; includeInIndex = 0; path = Pods_ehreader.framework; sourceTree = BUILT_PRODUCTS_DIR; };
		A18FFB26088383633394625A /* Pods-ehreader.debug.xcconfig */ = {isa = PBXFileReference; includeInIndex = 1; lastKnownFileType = text.xcconfig; name = "Pods-ehreader.debug.xcconfig"; path = "Pods/Target Support Files/Pods-ehreader/Pods-ehreader.debug.xcconfig"; sourceTree = "<group>"; };
		C546FD883CD238072C87AC87 /* Pods-ehreader.release.xcconfig */ = {isa = PBXFileReference; includeInIndex = 1; lastKnownFileType = text.xcconfig; name = "Pods-ehreader.release.xcconfig"; path = "Pods/Target Support Files/Pods-ehreader/Pods-ehreader.release.xcconfig"; sourceTree = "<group>"; };
		E911817A1CB62F0A0009A52C /* SVProgressHUD.framework */ = {isa = PBXFileReference; lastKnownFileType = wrapper.framework; name = SVProgressHUD.framework; path = "Pods/../build/Debug-iphoneos/SVProgressHUD.framework"; sourceTree = "<group>"; };
		E911817C1CB642130009A52C /* UIRefreshHeaderView.swift */ = {isa = PBXFileReference; fileEncoding = 4; lastKnownFileType = sourcecode.swift; path = UIRefreshHeaderView.swift; sourceTree = "<group>"; };
		E911817F1CB6700A0009A52C /* SettingViewController.swift */ = {isa = PBXFileReference; fileEncoding = 4; lastKnownFileType = sourcecode.swift; path = SettingViewController.swift; sourceTree = "<group>"; };
		E9187DC31CAE0C1300B6B733 /* objective_zip.framework */ = {isa = PBXFileReference; lastKnownFileType = wrapper.framework; name = objective_zip.framework; path = "Pods/../build/Debug-iphoneos/objective_zip.framework"; sourceTree = "<group>"; };
		E9187DC51CAE134000B6B733 /* SSZipArchive.framework */ = {isa = PBXFileReference; lastKnownFileType = wrapper.framework; name = SSZipArchive.framework; path = "Pods/../build/Debug-iphoneos/SSZipArchive.framework"; sourceTree = "<group>"; };
		E91B7BCC1C9A7E54007ED39F /* LatestGalleryViewController.swift */ = {isa = PBXFileReference; fileEncoding = 4; lastKnownFileType = sourcecode.swift; path = LatestGalleryViewController.swift; sourceTree = "<group>"; };
		E91B7BCE1C9A7F12007ED39F /* RankGalleryViewController.swift */ = {isa = PBXFileReference; fileEncoding = 4; lastKnownFileType = sourcecode.swift; path = RankGalleryViewController.swift; sourceTree = "<group>"; };
		E91B7BD21C9AA248007ED39F /* SearchViewController.swift */ = {isa = PBXFileReference; fileEncoding = 4; lastKnownFileType = sourcecode.swift; path = SearchViewController.swift; sourceTree = "<group>"; };
		E92C26CE1C4E0787009FB297 /* BppDownloadFile.swift */ = {isa = PBXFileReference; fileEncoding = 4; lastKnownFileType = sourcecode.swift; path = BppDownloadFile.swift; sourceTree = "<group>"; };
		E92C26D01C4E091D009FB297 /* CryptoSwift.framework */ = {isa = PBXFileReference; lastKnownFileType = wrapper.framework; name = CryptoSwift.framework; path = "Pods/../build/Debug-iphoneos/CryptoSwift.framework"; sourceTree = "<group>"; };
		E934F77A1CAB7CA600A26E64 /* CollieGallery.podspec */ = {isa = PBXFileReference; fileEncoding = 4; lastKnownFileType = text; path = CollieGallery.podspec; sourceTree = "<group>"; };
		E934F77C1CAB7E1400A26E64 /* CollieGallery.framework */ = {isa = PBXFileReference; lastKnownFileType = wrapper.framework; name = CollieGallery.framework; path = "../../Library/Developer/Xcode/DerivedData/ehreader-bsawwpbfimnubodhgkvnncxpxovf/Build/Products/Debug-iphoneos/CollieGallery.framework"; sourceTree = "<group>"; };
		E934F77E1CABA2EA00A26E64 /* PixivImageUrl.swift */ = {isa = PBXFileReference; fileEncoding = 4; lastKnownFileType = sourcecode.swift; path = PixivImageUrl.swift; sourceTree = "<group>"; };
		E934F7801CABBB8900A26E64 /* UCZProgressView.podspec */ = {isa = PBXFileReference; fileEncoding = 4; lastKnownFileType = text; path = UCZProgressView.podspec; sourceTree = "<group>"; };
		E934F7821CABBCDB00A26E64 /* UCZProgressView.framework */ = {isa = PBXFileReference; lastKnownFileType = wrapper.framework; name = UCZProgressView.framework; path = "Pods/../build/Debug-iphoneos/UCZProgressView.framework"; sourceTree = "<group>"; };
		E93872CF1C848C930034B465 /* ehreader-Bridging-Header.h */ = {isa = PBXFileReference; lastKnownFileType = sourcecode.c.h; path = "ehreader-Bridging-Header.h"; sourceTree = "<group>"; };
		E93D68CB1C4FDC6C00EB0932 /* PixivProviderTests.swift */ = {isa = PBXFileReference; fileEncoding = 4; lastKnownFileType = sourcecode.swift; path = PixivProviderTests.swift; sourceTree = "<group>"; };
		E95C063E1C48C2A70081C9C3 /* BackgroundView.swift */ = {isa = PBXFileReference; fileEncoding = 4; lastKnownFileType = sourcecode.swift; path = BackgroundView.swift; sourceTree = "<group>"; };
		E95C06401C48C2F70081C9C3 /* Media.xcassets */ = {isa = PBXFileReference; lastKnownFileType = folder.assetcatalog; path = Media.xcassets; sourceTree = "<group>"; };
		E967A4911C5079EF000C6DC2 /* PixivUser.swift */ = {isa = PBXFileReference; fileEncoding = 4; lastKnownFileType = sourcecode.swift; path = PixivUser.swift; sourceTree = "<group>"; };
		E967A4931C50C9B2000C6DC2 /* PixivIllust.swift */ = {isa = PBXFileReference; fileEncoding = 4; lastKnownFileType = sourcecode.swift; path = PixivIllust.swift; sourceTree = "<group>"; };
		E967A4951C50D172000C6DC2 /* PixivIllustGallery.swift */ = {isa = PBXFileReference; fileEncoding = 4; lastKnownFileType = sourcecode.swift; path = PixivIllustGallery.swift; sourceTree = "<group>"; };
		E96971411CAC2A090073FA43 /* UCZProgressView.framework */ = {isa = PBXFileReference; lastKnownFileType = wrapper.framework; name = UCZProgressView.framework; path = "../../Library/Developer/Xcode/DerivedData/ehreader-bsawwpbfimnubodhgkvnncxpxovf/Build/Products/Debug-iphoneos/UCZProgressView.framework"; sourceTree = "<group>"; };
		E97149801CB35E0300DC4F7F /* BALoadingView.framework */ = {isa = PBXFileReference; lastKnownFileType = wrapper.framework; name = BALoadingView.framework; path = "Pods/../build/Debug-iphoneos/BALoadingView.framework"; sourceTree = "<group>"; };
		E97149811CB35E0300DC4F7F /* RNLoadingButton_Swift.framework */ = {isa = PBXFileReference; lastKnownFileType = wrapper.framework; name = RNLoadingButton_Swift.framework; path = "Pods/../build/Debug-iphoneos/RNLoadingButton_Swift.framework"; sourceTree = "<group>"; };
		E97999961C4D1DFC00003AF6 /* PhotoServiceTests.swift */ = {isa = PBXFileReference; fileEncoding = 4; lastKnownFileType = sourcecode.swift; path = PhotoServiceTests.swift; sourceTree = "<group>"; };
		E97D61D01C8D4B5800E12AEF /* PushTransition.swift */ = {isa = PBXFileReference; fileEncoding = 4; lastKnownFileType = sourcecode.swift; path = PushTransition.swift; sourceTree = "<group>"; };
		E97D61D21C8D58A700E12AEF /* PopTransition.swift */ = {isa = PBXFileReference; fileEncoding = 4; lastKnownFileType = sourcecode.swift; path = PopTransition.swift; sourceTree = "<group>"; };
		E98AB13B1C7456C500291F27 /* AXStretchableHeaderTabViewController.framework */ = {isa = PBXFileReference; lastKnownFileType = wrapper.framework; name = AXStretchableHeaderTabViewController.framework; path = "Pods/../build/Debug-iphoneos/AXStretchableHeaderTabViewController.framework"; sourceTree = "<group>"; };
		E98AB13C1C7456C500291F27 /* RAMAnimatedTabBarController.framework */ = {isa = PBXFileReference; lastKnownFileType = wrapper.framework; name = RAMAnimatedTabBarController.framework; path = "../../Library/Developer/Xcode/DerivedData/ehreader-bsawwpbfimnubodhgkvnncxpxovf/Build/Products/Debug-iphoneos/RAMAnimatedTabBarController.framework"; sourceTree = "<group>"; };
		E98AB13D1C7456C500291F27 /* Realm.framework */ = {isa = PBXFileReference; lastKnownFileType = wrapper.framework; name = Realm.framework; path = "../../Library/Developer/Xcode/DerivedData/ehreader-bsawwpbfimnubodhgkvnncxpxovf/Build/Products/Debug-iphoneos/Realm.framework"; sourceTree = "<group>"; };
		E98AB13E1C7456C500291F27 /* Zip.framework */ = {isa = PBXFileReference; lastKnownFileType = wrapper.framework; name = Zip.framework; path = "../../Library/Developer/Xcode/DerivedData/ehreader-bsawwpbfimnubodhgkvnncxpxovf/Build/Products/Debug-iphoneos/Zip.framework"; sourceTree = "<group>"; };
		E98B072E1C89C2E100EE44B7 /* CustomNavigationController.swift */ = {isa = PBXFileReference; fileEncoding = 4; lastKnownFileType = sourcecode.swift; path = CustomNavigationController.swift; sourceTree = "<group>"; };
		E98B07301C89C2E100EE44B7 /* GalleryDetailViewController.swift */ = {isa = PBXFileReference; fileEncoding = 4; lastKnownFileType = sourcecode.swift; path = GalleryDetailViewController.swift; sourceTree = "<group>"; };
		E98B07321C89C2E100EE44B7 /* GalleryCollectionViewCell.swift */ = {isa = PBXFileReference; fileEncoding = 4; lastKnownFileType = sourcecode.swift; path = GalleryCollectionViewCell.swift; sourceTree = "<group>"; };
		E98B07331C89C2E100EE44B7 /* GalleryCollectionViewController.swift */ = {isa = PBXFileReference; fileEncoding = 4; lastKnownFileType = sourcecode.swift; path = GalleryCollectionViewController.swift; sourceTree = "<group>"; };
		E98B07341C89C2E100EE44B7 /* GalleryTableViewCell.swift */ = {isa = PBXFileReference; fileEncoding = 4; lastKnownFileType = sourcecode.swift; path = GalleryTableViewCell.swift; sourceTree = "<group>"; };
		E98B07351C89C2E100EE44B7 /* GalleryTableViewController.swift */ = {isa = PBXFileReference; fileEncoding = 4; lastKnownFileType = sourcecode.swift; path = GalleryTableViewController.swift; sourceTree = "<group>"; };
		E98B07371C89C2E100EE44B7 /* PhotoViewController.swift */ = {isa = PBXFileReference; fileEncoding = 4; lastKnownFileType = sourcecode.swift; path = PhotoViewController.swift; sourceTree = "<group>"; };
		E98B07391C89C2E100EE44B7 /* MainTabbar.swift */ = {isa = PBXFileReference; fileEncoding = 4; lastKnownFileType = sourcecode.swift; path = MainTabbar.swift; sourceTree = "<group>"; };
		E98B073A1C89C2E100EE44B7 /* MainTabBarButton.swift */ = {isa = PBXFileReference; fileEncoding = 4; lastKnownFileType = sourcecode.swift; path = MainTabBarButton.swift; sourceTree = "<group>"; };
		E98B073B1C89C2E100EE44B7 /* MainTabbarController.swift */ = {isa = PBXFileReference; fileEncoding = 4; lastKnownFileType = sourcecode.swift; path = MainTabbarController.swift; sourceTree = "<group>"; };
		E98B073D1C89C2E100EE44B7 /* CollectionViewWaterfallLayout.swift */ = {isa = PBXFileReference; fileEncoding = 4; lastKnownFileType = sourcecode.swift; path = CollectionViewWaterfallLayout.swift; sourceTree = "<group>"; };
		E98B073E1C89C2E100EE44B7 /* GalleryCell.swift */ = {isa = PBXFileReference; fileEncoding = 4; lastKnownFileType = sourcecode.swift; path = GalleryCell.swift; sourceTree = "<group>"; };
		E98B073F1C89C2E100EE44B7 /* GalleryWaterFlowViewController.swift */ = {isa = PBXFileReference; fileEncoding = 4; lastKnownFileType = sourcecode.swift; path = GalleryWaterFlowViewController.swift; sourceTree = "<group>"; };
		E98BBEEB1CA02C25009C5099 /* UserFavoriteWorksViewController.swift */ = {isa = PBXFileReference; fileEncoding = 4; lastKnownFileType = sourcecode.swift; path = UserFavoriteWorksViewController.swift; sourceTree = "<group>"; };
		E98BBEED1CA03EAB009C5099 /* UserFollowingViewController.swift */ = {isa = PBXFileReference; fileEncoding = 4; lastKnownFileType = sourcecode.swift; path = UserFollowingViewController.swift; sourceTree = "<group>"; };
		E98E21EA1CB3E79C001448FA /* NVActivityIndicatorView.framework */ = {isa = PBXFileReference; lastKnownFileType = wrapper.framework; name = NVActivityIndicatorView.framework; path = "Pods/../build/Debug-iphoneos/NVActivityIndicatorView.framework"; sourceTree = "<group>"; };
		E98E21EC1CB3E7A0001448FA /* RKDropdownAlert.framework */ = {isa = PBXFileReference; lastKnownFileType = wrapper.framework; name = RKDropdownAlert.framework; path = "Pods/../build/Debug-iphoneos/RKDropdownAlert.framework"; sourceTree = "<group>"; };
		E98E21EE1CB3FD94001448FA /* PixivLoginHelper.swift */ = {isa = PBXFileReference; fileEncoding = 4; lastKnownFileType = sourcecode.swift; path = PixivLoginHelper.swift; sourceTree = "<group>"; };
		E98F53F31C9AE64F003B5093 /* PageControl.swift */ = {isa = PBXFileReference; fileEncoding = 4; lastKnownFileType = sourcecode.swift; path = PageControl.swift; sourceTree = "<group>"; };
		E997EAF91CAD69E7005E1431 /* UgoiraHelper.swift */ = {isa = PBXFileReference; fileEncoding = 4; lastKnownFileType = sourcecode.swift; path = UgoiraHelper.swift; sourceTree = "<group>"; };
		E99D54101CB0DED100963364 /* LoginViewController.swift */ = {isa = PBXFileReference; fileEncoding = 4; lastKnownFileType = sourcecode.swift; path = LoginViewController.swift; sourceTree = "<group>"; };
		E9A90D901CA7D3C300253629 /* SearchHistory.swift */ = {isa = PBXFileReference; fileEncoding = 4; lastKnownFileType = sourcecode.swift; path = SearchHistory.swift; sourceTree = "<group>"; };
		E9A90D921CA8304100253629 /* YHImageViewer.framework */ = {isa = PBXFileReference; lastKnownFileType = wrapper.framework; name = YHImageViewer.framework; path = "Pods/../build/Debug-iphoneos/YHImageViewer.framework"; sourceTree = "<group>"; };
		E9AE80B91C9F997B006A5AC4 /* MeFollowingViewController.swift */ = {isa = PBXFileReference; fileEncoding = 4; lastKnownFileType = sourcecode.swift; path = MeFollowingViewController.swift; sourceTree = "<group>"; };
		E9AE80BB1C9FA133006A5AC4 /* FollowingCollectionViewCell.swift */ = {isa = PBXFileReference; fileEncoding = 4; lastKnownFileType = sourcecode.swift; path = FollowingCollectionViewCell.swift; sourceTree = "<group>"; };
		E9AE80BD1C9FCF3C006A5AC4 /* OtherProfileViewController.swift */ = {isa = PBXFileReference; fileEncoding = 4; lastKnownFileType = sourcecode.swift; path = OtherProfileViewController.swift; sourceTree = "<group>"; };
		E9AE80BF1C9FD86D006A5AC4 /* FunctionView.swift */ = {isa = PBXFileReference; fileEncoding = 4; lastKnownFileType = sourcecode.swift; path = FunctionView.swift; sourceTree = "<group>"; };
		E9B216F51C4A84990099CF54 /* PhotoService.swift */ = {isa = PBXFileReference; fileEncoding = 4; lastKnownFileType = sourcecode.swift; path = PhotoService.swift; sourceTree = "<group>"; };
		E9B78FCC1CA26FE900A5F5D8 /* SearchResultViewController.swift */ = {isa = PBXFileReference; fileEncoding = 4; lastKnownFileType = sourcecode.swift; path = SearchResultViewController.swift; sourceTree = "<group>"; };
		E9B78FCE1CA272FC00A5F5D8 /* SearchWaterFlowViewController.swift */ = {isa = PBXFileReference; fileEncoding = 4; lastKnownFileType = sourcecode.swift; path = SearchWaterFlowViewController.swift; sourceTree = "<group>"; };
		E9B78FD21CA2852900A5F5D8 /* PhotosUI.framework */ = {isa = PBXFileReference; lastKnownFileType = wrapper.framework; name = PhotosUI.framework; path = System/Library/Frameworks/PhotosUI.framework; sourceTree = SDKROOT; };
		E9C237CF1C9FE70500343A41 /* UserWorksGalleryViewController.swift */ = {isa = PBXFileReference; fileEncoding = 4; lastKnownFileType = sourcecode.swift; path = UserWorksGalleryViewController.swift; sourceTree = "<group>"; };
		E9DC51EB1C4699740053D331 /* Constants.swift */ = {isa = PBXFileReference; fileEncoding = 4; lastKnownFileType = sourcecode.swift; path = Constants.swift; sourceTree = "<group>"; };
		E9F0C6FA1CA9347000AB0A77 /* JTSImageViewController.framework */ = {isa = PBXFileReference; lastKnownFileType = wrapper.framework; name = JTSImageViewController.framework; path = "Pods/../build/Debug-iphoneos/JTSImageViewController.framework"; sourceTree = "<group>"; };
		E9F0C6FC1CA9637000AB0A77 /* ImageProgressView.swift */ = {isa = PBXFileReference; fileEncoding = 4; lastKnownFileType = sourcecode.swift; path = ImageProgressView.swift; sourceTree = "<group>"; };
		E9F1FD1E1C8E816D0029BD17 /* UIArrowTitleView.swift */ = {isa = PBXFileReference; fileEncoding = 4; lastKnownFileType = sourcecode.swift; path = UIArrowTitleView.swift; sourceTree = "<group>"; };
		E9F1FD201C8EA6BE0029BD17 /* DropdownController.swift */ = {isa = PBXFileReference; fileEncoding = 4; lastKnownFileType = sourcecode.swift; path = DropdownController.swift; sourceTree = "<group>"; };
		E9F1FD221C8EAF5D0029BD17 /* PixivRankingViewController.swift */ = {isa = PBXFileReference; fileEncoding = 4; lastKnownFileType = sourcecode.swift; path = PixivRankingViewController.swift; sourceTree = "<group>"; };
		E9F1FD241C8EBD270029BD17 /* BlurView.swift */ = {isa = PBXFileReference; fileEncoding = 4; lastKnownFileType = sourcecode.swift; path = BlurView.swift; sourceTree = "<group>"; };
		E9F1FD261C8EE15E0029BD17 /* RefreshManager.swift */ = {isa = PBXFileReference; fileEncoding = 4; lastKnownFileType = sourcecode.swift; path = RefreshManager.swift; sourceTree = "<group>"; };
		E9F6CB821C9AB8D000D26534 /* ProfileViewController.swift */ = {isa = PBXFileReference; fileEncoding = 4; lastKnownFileType = sourcecode.swift; path = ProfileViewController.swift; sourceTree = "<group>"; };
		E9F6CB841C9ABBB900D26534 /* ProfileView.swift */ = {isa = PBXFileReference; fileEncoding = 4; lastKnownFileType = sourcecode.swift; path = ProfileView.swift; sourceTree = "<group>"; };
		E9F774C01C9BAD250045D128 /* PixivProfile.swift */ = {isa = PBXFileReference; fileEncoding = 4; lastKnownFileType = sourcecode.swift; path = PixivProfile.swift; sourceTree = "<group>"; };
		E9F774C21C9BB5320045D128 /* MJExtension.framework */ = {isa = PBXFileReference; lastKnownFileType = wrapper.framework; name = MJExtension.framework; path = "Pods/../build/Debug-iphoneos/MJExtension.framework"; sourceTree = "<group>"; };
		E9F774C31C9BB5320045D128 /* ViewPagerSwift.framework */ = {isa = PBXFileReference; lastKnownFileType = wrapper.framework; name = ViewPagerSwift.framework; path = "../../Library/Developer/Xcode/DerivedData/ehreader-bsawwpbfimnubodhgkvnncxpxovf/Build/Products/Debug-iphonesimulator/ViewPagerSwift.framework"; sourceTree = "<group>"; };
		E9F774C61C9BF7150045D128 /* MeFavoriteWorksViewController.swift */ = {isa = PBXFileReference; fileEncoding = 4; lastKnownFileType = sourcecode.swift; path = MeFavoriteWorksViewController.swift; sourceTree = "<group>"; };
		E9FB948A1C8FBDF50076E01D /* CurveRefreshFooterView.swift */ = {isa = PBXFileReference; fileEncoding = 4; lastKnownFileType = sourcecode.swift; path = CurveRefreshFooterView.swift; sourceTree = "<group>"; };
		E9FB948C1C8FBDFB0076E01D /* LabelView.swift */ = {isa = PBXFileReference; fileEncoding = 4; lastKnownFileType = sourcecode.swift; path = LabelView.swift; sourceTree = "<group>"; };
		E9FB948E1C8FBE060076E01D /* CurveRefreshHeaderView.swift */ = {isa = PBXFileReference; fileEncoding = 4; lastKnownFileType = sourcecode.swift; path = CurveRefreshHeaderView.swift; sourceTree = "<group>"; };
		E9FB94901C8FBE0C0076E01D /* CurveLayer.swift */ = {isa = PBXFileReference; fileEncoding = 4; lastKnownFileType = sourcecode.swift; path = CurveLayer.swift; sourceTree = "<group>"; };
		E9FB94921C8FBE3D0076E01D /* CurveView.swift */ = {isa = PBXFileReference; fileEncoding = 4; lastKnownFileType = sourcecode.swift; path = CurveView.swift; sourceTree = "<group>"; };
		E9FDED9B1C49385E00557D0A /* RatingBar.swift */ = {isa = PBXFileReference; fileEncoding = 4; lastKnownFileType = sourcecode.swift; path = RatingBar.swift; sourceTree = "<group>"; };
		F72B31E71C4F7C88007C6B21 /* PixivProvider.swift */ = {isa = PBXFileReference; fileEncoding = 4; lastKnownFileType = sourcecode.swift; path = PixivProvider.swift; sourceTree = "<group>"; };
		F730FDE71BFEFA6000F44740 /* GalleryService.swift */ = {isa = PBXFileReference; fileEncoding = 4; lastKnownFileType = sourcecode.swift; path = GalleryService.swift; sourceTree = "<group>"; };
		F78DD6D61BF9DB7C003D3CB9 /* ehreader.app */ = {isa = PBXFileReference; explicitFileType = wrapper.application; includeInIndex = 0; path = ehreader.app; sourceTree = BUILT_PRODUCTS_DIR; };
		F78DD6D91BF9DB7C003D3CB9 /* AppDelegate.swift */ = {isa = PBXFileReference; lastKnownFileType = sourcecode.swift; path = AppDelegate.swift; sourceTree = "<group>"; };
		F78DD6DB1BF9DB7C003D3CB9 /* ViewController.swift */ = {isa = PBXFileReference; lastKnownFileType = sourcecode.swift; path = ViewController.swift; sourceTree = "<group>"; };
		F78DD6DE1BF9DB7C003D3CB9 /* Base */ = {isa = PBXFileReference; lastKnownFileType = file.storyboard; name = Base; path = Base.lproj/Main.storyboard; sourceTree = "<group>"; };
		F78DD6E01BF9DB7D003D3CB9 /* Assets.xcassets */ = {isa = PBXFileReference; lastKnownFileType = folder.assetcatalog; path = Assets.xcassets; sourceTree = "<group>"; };
		F78DD6E31BF9DB7D003D3CB9 /* Base */ = {isa = PBXFileReference; lastKnownFileType = file.storyboard; name = Base; path = Base.lproj/LaunchScreen.storyboard; sourceTree = "<group>"; };
		F78DD6E51BF9DB7D003D3CB9 /* Info.plist */ = {isa = PBXFileReference; lastKnownFileType = text.plist.xml; path = Info.plist; sourceTree = "<group>"; };
		F78DD6EA1BF9DB7D003D3CB9 /* ehreaderTests.xctest */ = {isa = PBXFileReference; explicitFileType = wrapper.cfbundle; includeInIndex = 0; path = ehreaderTests.xctest; sourceTree = BUILT_PRODUCTS_DIR; };
		F78DD6EE1BF9DB7D003D3CB9 /* ehreaderTests.swift */ = {isa = PBXFileReference; lastKnownFileType = sourcecode.swift; path = ehreaderTests.swift; sourceTree = "<group>"; };
		F78DD6F01BF9DB7D003D3CB9 /* Info.plist */ = {isa = PBXFileReference; lastKnownFileType = text.plist.xml; path = Info.plist; sourceTree = "<group>"; };
		F78DD6FE1BF9E56D003D3CB9 /* DataLoader.swift */ = {isa = PBXFileReference; fileEncoding = 4; lastKnownFileType = sourcecode.swift; path = DataLoader.swift; sourceTree = "<group>"; };
		F7A556D11BFB2A1F00E7CBEB /* ImageSearch.swift */ = {isa = PBXFileReference; fileEncoding = 4; lastKnownFileType = sourcecode.swift; path = ImageSearch.swift; sourceTree = "<group>"; };
		F7A556D31BFB2DAB00E7CBEB /* Download.swift */ = {isa = PBXFileReference; fileEncoding = 4; lastKnownFileType = sourcecode.swift; path = Download.swift; sourceTree = "<group>"; };
		F7A556D51BFB485000E7CBEB /* LoginHelper.swift */ = {isa = PBXFileReference; fileEncoding = 4; lastKnownFileType = sourcecode.swift; path = LoginHelper.swift; sourceTree = "<group>"; };
		F7EB132B1BFD5F0E00538CC5 /* RegexHelper.swift */ = {isa = PBXFileReference; fileEncoding = 4; lastKnownFileType = sourcecode.swift; path = RegexHelper.swift; sourceTree = "<group>"; };
		F7EB13331BFDB1A100538CC5 /* Alamofire.framework */ = {isa = PBXFileReference; lastKnownFileType = wrapper.framework; name = Alamofire.framework; path = "Pods/../build/Debug-iphoneos/Alamofire.framework"; sourceTree = "<group>"; };
		F7EB133A1BFDDC4300538CC5 /* Kingfisher.framework */ = {isa = PBXFileReference; lastKnownFileType = wrapper.framework; name = Kingfisher.framework; path = "Pods/../build/Debug-iphoneos/Kingfisher.framework"; sourceTree = "<group>"; };
		F7EE39E41BFC0E9E00531983 /* Extensions.swift */ = {isa = PBXFileReference; fileEncoding = 4; lastKnownFileType = sourcecode.swift; path = Extensions.swift; sourceTree = "<group>"; };
		F7EE39E61BFC173300531983 /* LoginHelperTests.swift */ = {isa = PBXFileReference; fileEncoding = 4; lastKnownFileType = sourcecode.swift; path = LoginHelperTests.swift; sourceTree = "<group>"; };
		F7EE3AAB1BFC9E6900531983 /* DataLoaderTests.swift */ = {isa = PBXFileReference; fileEncoding = 4; lastKnownFileType = sourcecode.swift; path = DataLoaderTests.swift; sourceTree = "<group>"; };
		F7FAA4E41BFABCC400E27E4A /* Alamofire.framework */ = {isa = PBXFileReference; lastKnownFileType = wrapper.framework; name = Alamofire.framework; path = "Pods/../build/Debug-iphoneos/Alamofire.framework"; sourceTree = "<group>"; };
		F7FAA4E61BFABCC900E27E4A /* RealmSwift.framework */ = {isa = PBXFileReference; lastKnownFileType = wrapper.framework; name = RealmSwift.framework; path = "Pods/../build/Debug-iphoneos/RealmSwift.framework"; sourceTree = "<group>"; };
		F7FAA4E81BFABCCD00E27E4A /* SnapKit.framework */ = {isa = PBXFileReference; lastKnownFileType = wrapper.framework; name = SnapKit.framework; path = "Pods/../build/Debug-iphoneos/SnapKit.framework"; sourceTree = "<group>"; };
		F7FAA4EA1BFAC43100E27E4A /* Gallery.swift */ = {isa = PBXFileReference; fileEncoding = 4; lastKnownFileType = sourcecode.swift; path = Gallery.swift; sourceTree = "<group>"; };
		F7FAA4EC1BFACA6200E27E4A /* Photo.swift */ = {isa = PBXFileReference; fileEncoding = 4; lastKnownFileType = sourcecode.swift; path = Photo.swift; sourceTree = "<group>"; };
/* End PBXFileReference section */

/* Begin PBXFrameworksBuildPhase section */
		F78DD6D31BF9DB7C003D3CB9 /* Frameworks */ = {
			isa = PBXFrameworksBuildPhase;
			buildActionMask = 2147483647;
			files = (
				E911817B1CB62F0A0009A52C /* SVProgressHUD.framework in Frameworks */,
				E98E21ED1CB3E7A0001448FA /* RKDropdownAlert.framework in Frameworks */,
				E98E21EB1CB3E79C001448FA /* NVActivityIndicatorView.framework in Frameworks */,
				E97149821CB35E0300DC4F7F /* BALoadingView.framework in Frameworks */,
				E97149831CB35E0300DC4F7F /* RNLoadingButton_Swift.framework in Frameworks */,
				E9187DC61CAE134000B6B733 /* SSZipArchive.framework in Frameworks */,
				E96971421CAC2A090073FA43 /* UCZProgressView.framework in Frameworks */,
				E934F77D1CAB7E1400A26E64 /* CollieGallery.framework in Frameworks */,
				E9F0C6FB1CA9347000AB0A77 /* JTSImageViewController.framework in Frameworks */,
				E9F774C51C9BB5320045D128 /* ViewPagerSwift.framework in Frameworks */,
				E98AB13F1C7456C500291F27 /* AXStretchableHeaderTabViewController.framework in Frameworks */,
				E98AB1401C7456C500291F27 /* RAMAnimatedTabBarController.framework in Frameworks */,
				E98AB1411C7456C500291F27 /* Realm.framework in Frameworks */,
				E92C26D11C4E091D009FB297 /* CryptoSwift.framework in Frameworks */,
				F7EB133B1BFDDC4300538CC5 /* Kingfisher.framework in Frameworks */,
				F7FAA4E91BFABCCD00E27E4A /* SnapKit.framework in Frameworks */,
				F7FAA4E71BFABCC900E27E4A /* RealmSwift.framework in Frameworks */,
				F7FAA4E51BFABCC400E27E4A /* Alamofire.framework in Frameworks */,
				86EA0D6DDE51F968E31AD00E /* Pods_ehreader.framework in Frameworks */,
			);
			runOnlyForDeploymentPostprocessing = 0;
		};
		F78DD6E71BF9DB7D003D3CB9 /* Frameworks */ = {
			isa = PBXFrameworksBuildPhase;
			buildActionMask = 2147483647;
			files = (
				F7EB13341BFDB1A100538CC5 /* Alamofire.framework in Frameworks */,
			);
			runOnlyForDeploymentPostprocessing = 0;
		};
/* End PBXFrameworksBuildPhase section */

/* Begin PBXGroup section */
		21DD57ACF2F65B9C647D2B90 /* Frameworks */ = {
			isa = PBXGroup;
			children = (
				E911817A1CB62F0A0009A52C /* SVProgressHUD.framework */,
				E98E21EC1CB3E7A0001448FA /* RKDropdownAlert.framework */,
				E98E21EA1CB3E79C001448FA /* NVActivityIndicatorView.framework */,
				E97149801CB35E0300DC4F7F /* BALoadingView.framework */,
				E97149811CB35E0300DC4F7F /* RNLoadingButton_Swift.framework */,
				E9187DC51CAE134000B6B733 /* SSZipArchive.framework */,
				E9187DC31CAE0C1300B6B733 /* objective_zip.framework */,
				E96971411CAC2A090073FA43 /* UCZProgressView.framework */,
				E934F7821CABBCDB00A26E64 /* UCZProgressView.framework */,
				E934F77C1CAB7E1400A26E64 /* CollieGallery.framework */,
				E9F0C6FA1CA9347000AB0A77 /* JTSImageViewController.framework */,
				E9A90D921CA8304100253629 /* YHImageViewer.framework */,
				E9B78FD21CA2852900A5F5D8 /* PhotosUI.framework */,
				E9F774C21C9BB5320045D128 /* MJExtension.framework */,
				E9F774C31C9BB5320045D128 /* ViewPagerSwift.framework */,
				E98AB13B1C7456C500291F27 /* AXStretchableHeaderTabViewController.framework */,
				E98AB13C1C7456C500291F27 /* RAMAnimatedTabBarController.framework */,
				E98AB13D1C7456C500291F27 /* Realm.framework */,
				E98AB13E1C7456C500291F27 /* Zip.framework */,
				E92C26D01C4E091D009FB297 /* CryptoSwift.framework */,
				F7EB133A1BFDDC4300538CC5 /* Kingfisher.framework */,
				F7EB13331BFDB1A100538CC5 /* Alamofire.framework */,
				F7FAA4E81BFABCCD00E27E4A /* SnapKit.framework */,
				F7FAA4E61BFABCC900E27E4A /* RealmSwift.framework */,
				F7FAA4E41BFABCC400E27E4A /* Alamofire.framework */,
				45B23450AFE3BAEB72051ACE /* Pods_ehreader.framework */,
			);
			name = Frameworks;
			sourceTree = "<group>";
		};
		E911817E1CB66FEF0009A52C /* Setting */ = {
			isa = PBXGroup;
			children = (
				E911817F1CB6700A0009A52C /* SettingViewController.swift */,
			);
			path = Setting;
			sourceTree = "<group>";
		};
		E91B7BD11C9AA237007ED39F /* Search */ = {
			isa = PBXGroup;
			children = (
				E91B7BD21C9AA248007ED39F /* SearchViewController.swift */,
				E9B78FCC1CA26FE900A5F5D8 /* SearchResultViewController.swift */,
				E9B78FCE1CA272FC00A5F5D8 /* SearchWaterFlowViewController.swift */,
			);
			path = Search;
			sourceTree = "<group>";
		};
		E934F7791CAB7C8F00A26E64 /* Podspec Metadata */ = {
			isa = PBXGroup;
			children = (
				E934F7801CABBB8900A26E64 /* UCZProgressView.podspec */,
				E934F77A1CAB7CA600A26E64 /* CollieGallery.podspec */,
			);
			name = "Podspec Metadata";
			sourceTree = "<group>";
		};
		E98B072D1C89C2E100EE44B7 /* frontend */ = {
			isa = PBXGroup;
			children = (
				E91B7BD11C9AA237007ED39F /* Search */,
				E98B072E1C89C2E100EE44B7 /* CustomNavigationController.swift */,
				E98B072F1C89C2E100EE44B7 /* Gallery */,
				E98B07311C89C2E100EE44B7 /* GalleryCollection */,
				E98B07341C89C2E100EE44B7 /* GalleryTableViewCell.swift */,
				E98B07351C89C2E100EE44B7 /* GalleryTableViewController.swift */,
				E98B07361C89C2E100EE44B7 /* Photo */,
				E98B07381C89C2E100EE44B7 /* Tabbar */,
				E911817E1CB66FEF0009A52C /* Setting */,
				E98B073C1C89C2E100EE44B7 /* Waterflow */,
				E9F6CB811C9AB8B300D26534 /* User */,
			);
			path = frontend;
			sourceTree = "<group>";
		};
		E98B072F1C89C2E100EE44B7 /* Gallery */ = {
			isa = PBXGroup;
			children = (
				E98B07301C89C2E100EE44B7 /* GalleryDetailViewController.swift */,
			);
			path = Gallery;
			sourceTree = "<group>";
		};
		E98B07311C89C2E100EE44B7 /* GalleryCollection */ = {
			isa = PBXGroup;
			children = (
				E98B07321C89C2E100EE44B7 /* GalleryCollectionViewCell.swift */,
				E98B07331C89C2E100EE44B7 /* GalleryCollectionViewController.swift */,
			);
			path = GalleryCollection;
			sourceTree = "<group>";
		};
		E98B07361C89C2E100EE44B7 /* Photo */ = {
			isa = PBXGroup;
			children = (
				E98B07371C89C2E100EE44B7 /* PhotoViewController.swift */,
			);
			path = Photo;
			sourceTree = "<group>";
		};
		E98B07381C89C2E100EE44B7 /* Tabbar */ = {
			isa = PBXGroup;
			children = (
				E98B07391C89C2E100EE44B7 /* MainTabbar.swift */,
				E98B073A1C89C2E100EE44B7 /* MainTabBarButton.swift */,
				E98B073B1C89C2E100EE44B7 /* MainTabbarController.swift */,
			);
			path = Tabbar;
			sourceTree = "<group>";
		};
		E98B073C1C89C2E100EE44B7 /* Waterflow */ = {
			isa = PBXGroup;
			children = (
				E98B073D1C89C2E100EE44B7 /* CollectionViewWaterfallLayout.swift */,
				E98B073E1C89C2E100EE44B7 /* GalleryCell.swift */,
				E9F1FD1E1C8E816D0029BD17 /* UIArrowTitleView.swift */,
				E98B073F1C89C2E100EE44B7 /* GalleryWaterFlowViewController.swift */,
				E91B7BCC1C9A7E54007ED39F /* LatestGalleryViewController.swift */,
				E91B7BCE1C9A7F12007ED39F /* RankGalleryViewController.swift */,
				E9F1FD221C8EAF5D0029BD17 /* PixivRankingViewController.swift */,
			);
			path = Waterflow;
			sourceTree = "<group>";
		};
		E9F6CB811C9AB8B300D26534 /* User */ = {
			isa = PBXGroup;
			children = (
				E9F6CB821C9AB8D000D26534 /* ProfileViewController.swift */,
				E99D54101CB0DED100963364 /* LoginViewController.swift */,
				E9AE80BD1C9FCF3C006A5AC4 /* OtherProfileViewController.swift */,
				E9F774C61C9BF7150045D128 /* MeFavoriteWorksViewController.swift */,
				E9AE80B91C9F997B006A5AC4 /* MeFollowingViewController.swift */,
				E98BBEED1CA03EAB009C5099 /* UserFollowingViewController.swift */,
				E98BBEEB1CA02C25009C5099 /* UserFavoriteWorksViewController.swift */,
				E9C237CF1C9FE70500343A41 /* UserWorksGalleryViewController.swift */,
				E9AE80BB1C9FA133006A5AC4 /* FollowingCollectionViewCell.swift */,
				E9F6CB841C9ABBB900D26534 /* ProfileView.swift */,
				E9AE80BF1C9FD86D006A5AC4 /* FunctionView.swift */,
			);
			path = User;
			sourceTree = "<group>";
		};
		F5F315960448DE3ADCF35C26 /* Pods */ = {
			isa = PBXGroup;
			children = (
				A18FFB26088383633394625A /* Pods-ehreader.debug.xcconfig */,
				C546FD883CD238072C87AC87 /* Pods-ehreader.release.xcconfig */,
			);
			name = Pods;
			sourceTree = "<group>";
		};
		F78DD6CD1BF9DB7B003D3CB9 = {
			isa = PBXGroup;
			children = (
				E934F7791CAB7C8F00A26E64 /* Podspec Metadata */,
				F78DD6D81BF9DB7C003D3CB9 /* ehreader */,
				F78DD6ED1BF9DB7D003D3CB9 /* ehreaderTests */,
				F78DD6D71BF9DB7C003D3CB9 /* Products */,
				F5F315960448DE3ADCF35C26 /* Pods */,
				21DD57ACF2F65B9C647D2B90 /* Frameworks */,
			);
			sourceTree = "<group>";
		};
		F78DD6D71BF9DB7C003D3CB9 /* Products */ = {
			isa = PBXGroup;
			children = (
				F78DD6D61BF9DB7C003D3CB9 /* ehreader.app */,
				F78DD6EA1BF9DB7D003D3CB9 /* ehreaderTests.xctest */,
			);
			name = Products;
			sourceTree = "<group>";
		};
		F78DD6D81BF9DB7C003D3CB9 /* ehreader */ = {
			isa = PBXGroup;
			children = (
				E98B072D1C89C2E100EE44B7 /* frontend */,
				F7FAA4E31BFABC9000E27E4A /* db */,
				F78DD6F91BF9E4E1003D3CB9 /* api */,
				F78DD6FB1BF9E4E1003D3CB9 /* service */,
				F78DD6FC1BF9E4E1003D3CB9 /* util */,
				F78DD6FD1BF9E4E1003D3CB9 /* wedget */,
				F78DD6D91BF9DB7C003D3CB9 /* AppDelegate.swift */,
				F78DD6DB1BF9DB7C003D3CB9 /* ViewController.swift */,
				E95C06401C48C2F70081C9C3 /* Media.xcassets */,
				F78DD6DD1BF9DB7C003D3CB9 /* Main.storyboard */,
				F78DD6E01BF9DB7D003D3CB9 /* Assets.xcassets */,
				F78DD6E21BF9DB7D003D3CB9 /* LaunchScreen.storyboard */,
				F78DD6E51BF9DB7D003D3CB9 /* Info.plist */,
				E93872CF1C848C930034B465 /* ehreader-Bridging-Header.h */,
			);
			path = ehreader;
			sourceTree = "<group>";
		};
		F78DD6ED1BF9DB7D003D3CB9 /* ehreaderTests */ = {
			isa = PBXGroup;
			children = (
				F78DD6EE1BF9DB7D003D3CB9 /* ehreaderTests.swift */,
				F7EE39E61BFC173300531983 /* LoginHelperTests.swift */,
				F7EE3AAB1BFC9E6900531983 /* DataLoaderTests.swift */,
				E97999961C4D1DFC00003AF6 /* PhotoServiceTests.swift */,
				E93D68CB1C4FDC6C00EB0932 /* PixivProviderTests.swift */,
				F78DD6F01BF9DB7D003D3CB9 /* Info.plist */,
			);
			path = ehreaderTests;
			sourceTree = "<group>";
		};
		F78DD6F91BF9E4E1003D3CB9 /* api */ = {
			isa = PBXGroup;
			children = (
				F78DD6FE1BF9E56D003D3CB9 /* DataLoader.swift */,
				F72B31E71C4F7C88007C6B21 /* PixivProvider.swift */,
				E934F77E1CABA2EA00A26E64 /* PixivImageUrl.swift */,
			);
			path = api;
			sourceTree = "<group>";
		};
		F78DD6FB1BF9E4E1003D3CB9 /* service */ = {
			isa = PBXGroup;
			children = (
				E92C26CE1C4E0787009FB297 /* BppDownloadFile.swift */,
				F730FDE71BFEFA6000F44740 /* GalleryService.swift */,
				E9B216F51C4A84990099CF54 /* PhotoService.swift */,
				E997EAF91CAD69E7005E1431 /* UgoiraHelper.swift */,
			);
			path = service;
			sourceTree = "<group>";
		};
		F78DD6FC1BF9E4E1003D3CB9 /* util */ = {
			isa = PBXGroup;
			children = (
				F7EE39E41BFC0E9E00531983 /* Extensions.swift */,
				E9DC51EB1C4699740053D331 /* Constants.swift */,
				F7A556D51BFB485000E7CBEB /* LoginHelper.swift */,
				E98E21EE1CB3FD94001448FA /* PixivLoginHelper.swift */,
				F7EB132B1BFD5F0E00538CC5 /* RegexHelper.swift */,
				E97D61D01C8D4B5800E12AEF /* PushTransition.swift */,
				E97D61D21C8D58A700E12AEF /* PopTransition.swift */,
				E9F1FD261C8EE15E0029BD17 /* RefreshManager.swift */,
			);
			path = util;
			sourceTree = "<group>";
		};
		F78DD6FD1BF9E4E1003D3CB9 /* wedget */ = {
			isa = PBXGroup;
			children = (
				E98F53F31C9AE64F003B5093 /* PageControl.swift */,
				E9FB948A1C8FBDF50076E01D /* CurveRefreshFooterView.swift */,
				E9FB94921C8FBE3D0076E01D /* CurveView.swift */,
				E9FB948C1C8FBDFB0076E01D /* LabelView.swift */,
				E9FB94901C8FBE0C0076E01D /* CurveLayer.swift */,
				E9FB948E1C8FBE060076E01D /* CurveRefreshHeaderView.swift */,
				E911817C1CB642130009A52C /* UIRefreshHeaderView.swift */,
				E9F1FD241C8EBD270029BD17 /* BlurView.swift */,
				E9FDED9B1C49385E00557D0A /* RatingBar.swift */,
				E9F1FD201C8EA6BE0029BD17 /* DropdownController.swift */,
				E95C063E1C48C2A70081C9C3 /* BackgroundView.swift */,
				E9F0C6FC1CA9637000AB0A77 /* ImageProgressView.swift */,
			);
			path = wedget;
			sourceTree = "<group>";
		};
		F7FAA4E31BFABC9000E27E4A /* db */ = {
			isa = PBXGroup;
			children = (
				F7FAA4EA1BFAC43100E27E4A /* Gallery.swift */,
				F7FAA4EC1BFACA6200E27E4A /* Photo.swift */,
				F7A556D11BFB2A1F00E7CBEB /* ImageSearch.swift */,
				F7A556D31BFB2DAB00E7CBEB /* Download.swift */,
				E9A90D901CA7D3C300253629 /* SearchHistory.swift */,
				E967A4911C5079EF000C6DC2 /* PixivUser.swift */,
				E9F774C01C9BAD250045D128 /* PixivProfile.swift */,
				E967A4931C50C9B2000C6DC2 /* PixivIllust.swift */,
				E967A4951C50D172000C6DC2 /* PixivIllustGallery.swift */,
			);
			path = db;
			sourceTree = "<group>";
		};
/* End PBXGroup section */

/* Begin PBXNativeTarget section */
		F78DD6D51BF9DB7C003D3CB9 /* ehreader */ = {
			isa = PBXNativeTarget;
			buildConfigurationList = F78DD6F31BF9DB7D003D3CB9 /* Build configuration list for PBXNativeTarget "ehreader" */;
			buildPhases = (
				DCDBBE4E33533C08361FE499 /* Check Pods Manifest.lock */,
				F78DD6D21BF9DB7C003D3CB9 /* Sources */,
				F78DD6D31BF9DB7C003D3CB9 /* Frameworks */,
				F78DD6D41BF9DB7C003D3CB9 /* Resources */,
				8354AE4C0AF9ECB57719C335 /* Embed Pods Frameworks */,
				3A0C97DCD9A506E589AC207B /* Copy Pods Resources */,
			);
			buildRules = (
			);
			dependencies = (
			);
			name = ehreader;
			productName = ehreader;
			productReference = F78DD6D61BF9DB7C003D3CB9 /* ehreader.app */;
			productType = "com.apple.product-type.application";
		};
		F78DD6E91BF9DB7D003D3CB9 /* ehreaderTests */ = {
			isa = PBXNativeTarget;
			buildConfigurationList = F78DD6F61BF9DB7D003D3CB9 /* Build configuration list for PBXNativeTarget "ehreaderTests" */;
			buildPhases = (
				F78DD6E61BF9DB7D003D3CB9 /* Sources */,
				F78DD6E71BF9DB7D003D3CB9 /* Frameworks */,
				F78DD6E81BF9DB7D003D3CB9 /* Resources */,
			);
			buildRules = (
			);
			dependencies = (
				F78DD6EC1BF9DB7D003D3CB9 /* PBXTargetDependency */,
			);
			name = ehreaderTests;
			productName = ehreaderTests;
			productReference = F78DD6EA1BF9DB7D003D3CB9 /* ehreaderTests.xctest */;
			productType = "com.apple.product-type.bundle.unit-test";
		};
/* End PBXNativeTarget section */

/* Begin PBXProject section */
		F78DD6CE1BF9DB7B003D3CB9 /* Project object */ = {
			isa = PBXProject;
			attributes = {
				LastSwiftUpdateCheck = 0720;
				LastUpgradeCheck = 0710;
				ORGANIZATIONNAME = bravedefault;
				TargetAttributes = {
					F78DD6D51BF9DB7C003D3CB9 = {
						CreatedOnToolsVersion = 7.1.1;
						DevelopmentTeam = TA6W7246UP;
					};
					F78DD6E91BF9DB7D003D3CB9 = {
						CreatedOnToolsVersion = 7.1.1;
						TestTargetID = F78DD6D51BF9DB7C003D3CB9;
					};
				};
			};
			buildConfigurationList = F78DD6D11BF9DB7B003D3CB9 /* Build configuration list for PBXProject "ehreader" */;
			compatibilityVersion = "Xcode 3.2";
			developmentRegion = English;
			hasScannedForEncodings = 0;
			knownRegions = (
				en,
				Base,
			);
			mainGroup = F78DD6CD1BF9DB7B003D3CB9;
			productRefGroup = F78DD6D71BF9DB7C003D3CB9 /* Products */;
			projectDirPath = "";
			projectRoot = "";
			targets = (
				F78DD6D51BF9DB7C003D3CB9 /* ehreader */,
				F78DD6E91BF9DB7D003D3CB9 /* ehreaderTests */,
			);
		};
/* End PBXProject section */

/* Begin PBXResourcesBuildPhase section */
		F78DD6D41BF9DB7C003D3CB9 /* Resources */ = {
			isa = PBXResourcesBuildPhase;
			buildActionMask = 2147483647;
			files = (
				F78DD6E41BF9DB7D003D3CB9 /* LaunchScreen.storyboard in Resources */,
				E934F7811CABBB8900A26E64 /* UCZProgressView.podspec in Resources */,
				F78DD6E11BF9DB7D003D3CB9 /* Assets.xcassets in Resources */,
				E95C06411C48C2F70081C9C3 /* Media.xcassets in Resources */,
				E934F77B1CAB7CA600A26E64 /* CollieGallery.podspec in Resources */,
				F78DD6DF1BF9DB7C003D3CB9 /* Main.storyboard in Resources */,
			);
			runOnlyForDeploymentPostprocessing = 0;
		};
		F78DD6E81BF9DB7D003D3CB9 /* Resources */ = {
			isa = PBXResourcesBuildPhase;
			buildActionMask = 2147483647;
			files = (
			);
			runOnlyForDeploymentPostprocessing = 0;
		};
/* End PBXResourcesBuildPhase section */

/* Begin PBXShellScriptBuildPhase section */
		3A0C97DCD9A506E589AC207B /* Copy Pods Resources */ = {
			isa = PBXShellScriptBuildPhase;
			buildActionMask = 2147483647;
			files = (
			);
			inputPaths = (
			);
			name = "Copy Pods Resources";
			outputPaths = (
			);
			runOnlyForDeploymentPostprocessing = 0;
			shellPath = /bin/sh;
			shellScript = "\"${SRCROOT}/Pods/Target Support Files/Pods-ehreader/Pods-ehreader-resources.sh\"\n";
			showEnvVarsInLog = 0;
		};
		8354AE4C0AF9ECB57719C335 /* Embed Pods Frameworks */ = {
			isa = PBXShellScriptBuildPhase;
			buildActionMask = 2147483647;
			files = (
			);
			inputPaths = (
			);
			name = "Embed Pods Frameworks";
			outputPaths = (
			);
			runOnlyForDeploymentPostprocessing = 0;
			shellPath = /bin/sh;
			shellScript = "\"${SRCROOT}/Pods/Target Support Files/Pods-ehreader/Pods-ehreader-frameworks.sh\"\n";
			showEnvVarsInLog = 0;
		};
		DCDBBE4E33533C08361FE499 /* Check Pods Manifest.lock */ = {
			isa = PBXShellScriptBuildPhase;
			buildActionMask = 2147483647;
			files = (
			);
			inputPaths = (
			);
			name = "Check Pods Manifest.lock";
			outputPaths = (
			);
			runOnlyForDeploymentPostprocessing = 0;
			shellPath = /bin/sh;
			shellScript = "diff \"${PODS_ROOT}/../Podfile.lock\" \"${PODS_ROOT}/Manifest.lock\" > /dev/null\nif [[ $? != 0 ]] ; then\n    cat << EOM\nerror: The sandbox is not in sync with the Podfile.lock. Run 'pod install' or update your CocoaPods installation.\nEOM\n    exit 1\nfi\n";
			showEnvVarsInLog = 0;
		};
/* End PBXShellScriptBuildPhase section */

/* Begin PBXSourcesBuildPhase section */
		F78DD6D21BF9DB7C003D3CB9 /* Sources */ = {
			isa = PBXSourcesBuildPhase;
			buildActionMask = 2147483647;
			files = (
				E98B07461C89C2E100EE44B7 /* PhotoViewController.swift in Sources */,
				E9F1FD271C8EE15E0029BD17 /* RefreshManager.swift in Sources */,
				E95C063F1C48C2A70081C9C3 /* BackgroundView.swift in Sources */,
				E91B7BCF1C9A7F12007ED39F /* RankGalleryViewController.swift in Sources */,
				F7A556D21BFB2A1F00E7CBEB /* ImageSearch.swift in Sources */,
				E91181801CB6700A0009A52C /* SettingViewController.swift in Sources */,
				E9F0C6FD1CA9637000AB0A77 /* ImageProgressView.swift in Sources */,
				E9C237D01C9FE70500343A41 /* UserWorksGalleryViewController.swift in Sources */,
				F7A556D41BFB2DAB00E7CBEB /* Download.swift in Sources */,
				E9F1FD231C8EAF5D0029BD17 /* PixivRankingViewController.swift in Sources */,
				E98B07481C89C2E100EE44B7 /* MainTabBarButton.swift in Sources */,
				E98B074C1C89C2E100EE44B7 /* GalleryWaterFlowViewController.swift in Sources */,
				E9A90D911CA7D3C300253629 /* SearchHistory.swift in Sources */,
				F7FAA4EB1BFAC43100E27E4A /* Gallery.swift in Sources */,
				E9F774C11C9BAD250045D128 /* PixivProfile.swift in Sources */,
				E967A4921C5079EF000C6DC2 /* PixivUser.swift in Sources */,
				E99D54111CB0DED100963364 /* LoginViewController.swift in Sources */,
				E98B07401C89C2E100EE44B7 /* CustomNavigationController.swift in Sources */,
				E967A4961C50D172000C6DC2 /* PixivIllustGallery.swift in Sources */,
				E934F77F1CABA2EA00A26E64 /* PixivImageUrl.swift in Sources */,
				E97D61D11C8D4B5800E12AEF /* PushTransition.swift in Sources */,
				E98B07491C89C2E100EE44B7 /* MainTabbarController.swift in Sources */,
				E9AE80BA1C9F997B006A5AC4 /* MeFollowingViewController.swift in Sources */,
				E9FB948B1C8FBDF50076E01D /* CurveRefreshFooterView.swift in Sources */,
				E9AE80BE1C9FCF3C006A5AC4 /* OtherProfileViewController.swift in Sources */,
				F78DD6DC1BF9DB7C003D3CB9 /* ViewController.swift in Sources */,
				E98BBEEE1CA03EAB009C5099 /* UserFollowingViewController.swift in Sources */,
				E91B7BCD1C9A7E54007ED39F /* LatestGalleryViewController.swift in Sources */,
				E9B78FCD1CA26FE900A5F5D8 /* SearchResultViewController.swift in Sources */,
				E98B07411C89C2E100EE44B7 /* GalleryDetailViewController.swift in Sources */,
				E9AE80C01C9FD86D006A5AC4 /* FunctionView.swift in Sources */,
				E98B07441C89C2E100EE44B7 /* GalleryTableViewCell.swift in Sources */,
				E9FB94931C8FBE3D0076E01D /* CurveView.swift in Sources */,
				E98B07421C89C2E100EE44B7 /* GalleryCollectionViewCell.swift in Sources */,
				E997EAFA1CAD69E7005E1431 /* UgoiraHelper.swift in Sources */,
				E9FDED9C1C49385E00557D0A /* RatingBar.swift in Sources */,
				F78DD6DA1BF9DB7C003D3CB9 /* AppDelegate.swift in Sources */,
				E9F1FD211C8EA6BE0029BD17 /* DropdownController.swift in Sources */,
				E9F774C71C9BF7150045D128 /* MeFavoriteWorksViewController.swift in Sources */,
				E967A4941C50C9B2000C6DC2 /* PixivIllust.swift in Sources */,
				E9FB948D1C8FBDFB0076E01D /* LabelView.swift in Sources */,
				E9F1FD1F1C8E816D0029BD17 /* UIArrowTitleView.swift in Sources */,
				E9B216F61C4A84990099CF54 /* PhotoService.swift in Sources */,
				E9FB948F1C8FBE060076E01D /* CurveRefreshHeaderView.swift in Sources */,
				E92C26CF1C4E0787009FB297 /* BppDownloadFile.swift in Sources */,
				E9DC51EC1C4699740053D331 /* Constants.swift in Sources */,
				E9AE80BC1C9FA133006A5AC4 /* FollowingCollectionViewCell.swift in Sources */,
				E98F53F41C9AE64F003B5093 /* PageControl.swift in Sources */,
				E9F6CB851C9ABBB900D26534 /* ProfileView.swift in Sources */,
				E9F6CB831C9AB8D000D26534 /* ProfileViewController.swift in Sources */,
				E9B78FCF1CA272FC00A5F5D8 /* SearchWaterFlowViewController.swift in Sources */,
				E98E21EF1CB3FD94001448FA /* PixivLoginHelper.swift in Sources */,
				F730FDE81BFEFA6000F44740 /* GalleryService.swift in Sources */,
				E98B07451C89C2E100EE44B7 /* GalleryTableViewController.swift in Sources */,
				E911817D1CB642130009A52C /* UIRefreshHeaderView.swift in Sources */,
				F72B31E81C4F7C89007C6B21 /* PixivProvider.swift in Sources */,
				F7EE39E51BFC0E9E00531983 /* Extensions.swift in Sources */,
				E9FB94911C8FBE0C0076E01D /* CurveLayer.swift in Sources */,
				E98B07471C89C2E100EE44B7 /* MainTabbar.swift in Sources */,
				E98B07431C89C2E100EE44B7 /* GalleryCollectionViewController.swift in Sources */,
				F78DD6FF1BF9E56D003D3CB9 /* DataLoader.swift in Sources */,
				E97D61D31C8D58A700E12AEF /* PopTransition.swift in Sources */,
				E98B074A1C89C2E100EE44B7 /* CollectionViewWaterfallLayout.swift in Sources */,
				E91B7BD31C9AA248007ED39F /* SearchViewController.swift in Sources */,
				E98B074B1C89C2E100EE44B7 /* GalleryCell.swift in Sources */,
				E9F1FD251C8EBD270029BD17 /* BlurView.swift in Sources */,
				F7FAA4ED1BFACA6200E27E4A /* Photo.swift in Sources */,
				E98BBEEC1CA02C25009C5099 /* UserFavoriteWorksViewController.swift in Sources */,
				F7A556D61BFB485000E7CBEB /* LoginHelper.swift in Sources */,
				F7EB132C1BFD5F0E00538CC5 /* RegexHelper.swift in Sources */,
			);
			runOnlyForDeploymentPostprocessing = 0;
		};
		F78DD6E61BF9DB7D003D3CB9 /* Sources */ = {
			isa = PBXSourcesBuildPhase;
			buildActionMask = 2147483647;
			files = (
				E97999971C4D1DFC00003AF6 /* PhotoServiceTests.swift in Sources */,
				F7EE3AAC1BFC9E6900531983 /* DataLoaderTests.swift in Sources */,
				E93D68CC1C4FDC6C00EB0932 /* PixivProviderTests.swift in Sources */,
				F78DD6EF1BF9DB7D003D3CB9 /* ehreaderTests.swift in Sources */,
				F7EE39E71BFC173300531983 /* LoginHelperTests.swift in Sources */,
			);
			runOnlyForDeploymentPostprocessing = 0;
		};
/* End PBXSourcesBuildPhase section */

/* Begin PBXTargetDependency section */
		F78DD6EC1BF9DB7D003D3CB9 /* PBXTargetDependency */ = {
			isa = PBXTargetDependency;
			target = F78DD6D51BF9DB7C003D3CB9 /* ehreader */;
			targetProxy = F78DD6EB1BF9DB7D003D3CB9 /* PBXContainerItemProxy */;
		};
/* End PBXTargetDependency section */

/* Begin PBXVariantGroup section */
		F78DD6DD1BF9DB7C003D3CB9 /* Main.storyboard */ = {
			isa = PBXVariantGroup;
			children = (
				F78DD6DE1BF9DB7C003D3CB9 /* Base */,
			);
			name = Main.storyboard;
			sourceTree = "<group>";
		};
		F78DD6E21BF9DB7D003D3CB9 /* LaunchScreen.storyboard */ = {
			isa = PBXVariantGroup;
			children = (
				F78DD6E31BF9DB7D003D3CB9 /* Base */,
			);
			name = LaunchScreen.storyboard;
			sourceTree = "<group>";
		};
/* End PBXVariantGroup section */

/* Begin XCBuildConfiguration section */
		F78DD6F11BF9DB7D003D3CB9 /* Debug */ = {
			isa = XCBuildConfiguration;
			buildSettings = {
				ALWAYS_SEARCH_USER_PATHS = NO;
				CLANG_CXX_LANGUAGE_STANDARD = "gnu++0x";
				CLANG_CXX_LIBRARY = "libc++";
				CLANG_ENABLE_MODULES = YES;
				CLANG_ENABLE_OBJC_ARC = YES;
				CLANG_WARN_BOOL_CONVERSION = YES;
				CLANG_WARN_CONSTANT_CONVERSION = YES;
				CLANG_WARN_DIRECT_OBJC_ISA_USAGE = YES_ERROR;
				CLANG_WARN_EMPTY_BODY = YES;
				CLANG_WARN_ENUM_CONVERSION = YES;
				CLANG_WARN_INT_CONVERSION = YES;
				CLANG_WARN_OBJC_ROOT_CLASS = YES_ERROR;
				CLANG_WARN_UNREACHABLE_CODE = YES;
				CLANG_WARN__DUPLICATE_METHOD_MATCH = YES;
				"CODE_SIGN_IDENTITY[sdk=iphoneos*]" = "iPhone Developer";
				COPY_PHASE_STRIP = NO;
				DEBUG_INFORMATION_FORMAT = dwarf;
				ENABLE_STRICT_OBJC_MSGSEND = YES;
				ENABLE_TESTABILITY = YES;
				GCC_C_LANGUAGE_STANDARD = gnu99;
				GCC_DYNAMIC_NO_PIC = NO;
				GCC_NO_COMMON_BLOCKS = YES;
				GCC_OPTIMIZATION_LEVEL = 0;
				GCC_PREPROCESSOR_DEFINITIONS = (
					"DEBUG=1",
					"$(inherited)",
				);
				GCC_WARN_64_TO_32_BIT_CONVERSION = YES;
				GCC_WARN_ABOUT_RETURN_TYPE = YES_ERROR;
				GCC_WARN_UNDECLARED_SELECTOR = YES;
				GCC_WARN_UNINITIALIZED_AUTOS = YES_AGGRESSIVE;
				GCC_WARN_UNUSED_FUNCTION = YES;
				GCC_WARN_UNUSED_VARIABLE = YES;
				IPHONEOS_DEPLOYMENT_TARGET = 9.1;
				MTL_ENABLE_DEBUG_INFO = YES;
				ONLY_ACTIVE_ARCH = YES;
				SDKROOT = iphoneos;
				SWIFT_OPTIMIZATION_LEVEL = "-Onone";
				TARGETED_DEVICE_FAMILY = "1,2";
			};
			name = Debug;
		};
		F78DD6F21BF9DB7D003D3CB9 /* Release */ = {
			isa = XCBuildConfiguration;
			buildSettings = {
				ALWAYS_SEARCH_USER_PATHS = NO;
				CLANG_CXX_LANGUAGE_STANDARD = "gnu++0x";
				CLANG_CXX_LIBRARY = "libc++";
				CLANG_ENABLE_MODULES = YES;
				CLANG_ENABLE_OBJC_ARC = YES;
				CLANG_WARN_BOOL_CONVERSION = YES;
				CLANG_WARN_CONSTANT_CONVERSION = YES;
				CLANG_WARN_DIRECT_OBJC_ISA_USAGE = YES_ERROR;
				CLANG_WARN_EMPTY_BODY = YES;
				CLANG_WARN_ENUM_CONVERSION = YES;
				CLANG_WARN_INT_CONVERSION = YES;
				CLANG_WARN_OBJC_ROOT_CLASS = YES_ERROR;
				CLANG_WARN_UNREACHABLE_CODE = YES;
				CLANG_WARN__DUPLICATE_METHOD_MATCH = YES;
				"CODE_SIGN_IDENTITY[sdk=iphoneos*]" = "iPhone Developer";
				COPY_PHASE_STRIP = NO;
				DEBUG_INFORMATION_FORMAT = "dwarf-with-dsym";
				ENABLE_NS_ASSERTIONS = NO;
				ENABLE_STRICT_OBJC_MSGSEND = YES;
				GCC_C_LANGUAGE_STANDARD = gnu99;
				GCC_NO_COMMON_BLOCKS = YES;
				GCC_WARN_64_TO_32_BIT_CONVERSION = YES;
				GCC_WARN_ABOUT_RETURN_TYPE = YES_ERROR;
				GCC_WARN_UNDECLARED_SELECTOR = YES;
				GCC_WARN_UNINITIALIZED_AUTOS = YES_AGGRESSIVE;
				GCC_WARN_UNUSED_FUNCTION = YES;
				GCC_WARN_UNUSED_VARIABLE = YES;
				IPHONEOS_DEPLOYMENT_TARGET = 9.1;
				MTL_ENABLE_DEBUG_INFO = NO;
				SDKROOT = iphoneos;
				TARGETED_DEVICE_FAMILY = "1,2";
				VALIDATE_PRODUCT = YES;
			};
			name = Release;
		};
		F78DD6F41BF9DB7D003D3CB9 /* Debug */ = {
			isa = XCBuildConfiguration;
			baseConfigurationReference = A18FFB26088383633394625A /* Pods-ehreader.debug.xcconfig */;
			buildSettings = {
				ASSETCATALOG_COMPILER_APPICON_NAME = AppIcon;
				CLANG_ENABLE_MODULES = YES;
				CODE_SIGN_IDENTITY = "iPhone Developer";
				FRAMEWORK_SEARCH_PATHS = (
					"$(inherited)",
					"$(PROJECT_DIR)/build/Debug-iphoneos",
				);
				INFOPLIST_FILE = ehreader/Info.plist;
				IPHONEOS_DEPLOYMENT_TARGET = 8.0;
				LD_RUNPATH_SEARCH_PATHS = "$(inherited) @executable_path/Frameworks";
				PRODUCT_BUNDLE_IDENTIFIER = com.bravedefault.ehreader;
				PRODUCT_NAME = "$(TARGET_NAME)";
				PROVISIONING_PROFILE = "";
				SWIFT_OBJC_BRIDGING_HEADER = "ehreader/ehreader-Bridging-Header.h";
				SWIFT_OPTIMIZATION_LEVEL = "-Onone";
			};
			name = Debug;
		};
		F78DD6F51BF9DB7D003D3CB9 /* Release */ = {
			isa = XCBuildConfiguration;
			baseConfigurationReference = C546FD883CD238072C87AC87 /* Pods-ehreader.release.xcconfig */;
			buildSettings = {
				ASSETCATALOG_COMPILER_APPICON_NAME = AppIcon;
				CLANG_ENABLE_MODULES = YES;
				CODE_SIGN_IDENTITY = "iPhone Developer";
				FRAMEWORK_SEARCH_PATHS = (
					"$(inherited)",
					"$(PROJECT_DIR)/build/Debug-iphoneos",
				);
				INFOPLIST_FILE = ehreader/Info.plist;
				IPHONEOS_DEPLOYMENT_TARGET = 8.0;
				LD_RUNPATH_SEARCH_PATHS = "$(inherited) @executable_path/Frameworks";
				PRODUCT_BUNDLE_IDENTIFIER = com.bravedefault.ehreader;
				PRODUCT_NAME = "$(TARGET_NAME)";
				PROVISIONING_PROFILE = "";
				SWIFT_OBJC_BRIDGING_HEADER = "ehreader/ehreader-Bridging-Header.h";
			};
			name = Release;
		};
		F78DD6F71BF9DB7D003D3CB9 /* Debug */ = {
			isa = XCBuildConfiguration;
			buildSettings = {
				BUNDLE_LOADER = "$(TEST_HOST)";
				FRAMEWORK_SEARCH_PATHS = (
					"$(inherited)",
					"$(PROJECT_DIR)/build/Debug-iphoneos",
				);
				INFOPLIST_FILE = ehreaderTests/Info.plist;
				LD_RUNPATH_SEARCH_PATHS = "$(inherited) @executable_path/Frameworks @loader_path/Frameworks";
				PRODUCT_BUNDLE_IDENTIFIER = com.bravedefault.ehreaderTests;
				PRODUCT_NAME = "$(TARGET_NAME)";
				TEST_HOST = "$(BUILT_PRODUCTS_DIR)/ehreader.app/ehreader";
			};
			name = Debug;
		};
		F78DD6F81BF9DB7D003D3CB9 /* Release */ = {
			isa = XCBuildConfiguration;
			buildSettings = {
				BUNDLE_LOADER = "$(TEST_HOST)";
				FRAMEWORK_SEARCH_PATHS = (
					"$(inherited)",
					"$(PROJECT_DIR)/build/Debug-iphoneos",
				);
				INFOPLIST_FILE = ehreaderTests/Info.plist;
				LD_RUNPATH_SEARCH_PATHS = "$(inherited) @executable_path/Frameworks @loader_path/Frameworks";
				PRODUCT_BUNDLE_IDENTIFIER = com.bravedefault.ehreaderTests;
				PRODUCT_NAME = "$(TARGET_NAME)";
				TEST_HOST = "$(BUILT_PRODUCTS_DIR)/ehreader.app/ehreader";
			};
			name = Release;
		};
/* End XCBuildConfiguration section */

/* Begin XCConfigurationList section */
		F78DD6D11BF9DB7B003D3CB9 /* Build configuration list for PBXProject "ehreader" */ = {
			isa = XCConfigurationList;
			buildConfigurations = (
				F78DD6F11BF9DB7D003D3CB9 /* Debug */,
				F78DD6F21BF9DB7D003D3CB9 /* Release */,
			);
			defaultConfigurationIsVisible = 0;
			defaultConfigurationName = Release;
		};
		F78DD6F31BF9DB7D003D3CB9 /* Build configuration list for PBXNativeTarget "ehreader" */ = {
			isa = XCConfigurationList;
			buildConfigurations = (
				F78DD6F41BF9DB7D003D3CB9 /* Debug */,
				F78DD6F51BF9DB7D003D3CB9 /* Release */,
			);
			defaultConfigurationIsVisible = 0;
			defaultConfigurationName = Release;
		};
		F78DD6F61BF9DB7D003D3CB9 /* Build configuration list for PBXNativeTarget "ehreaderTests" */ = {
			isa = XCConfigurationList;
			buildConfigurations = (
				F78DD6F71BF9DB7D003D3CB9 /* Debug */,
				F78DD6F81BF9DB7D003D3CB9 /* Release */,
			);
			defaultConfigurationIsVisible = 0;
			defaultConfigurationName = Release;
		};
/* End XCConfigurationList section */
	};
	rootObject = F78DD6CE1BF9DB7B003D3CB9 /* Project object */;
}
